// !$*UTF8*$!
{
	archiveVersion = 1;
	classes = {
	};
	objectVersion = 46;
	objects = {

/* Begin PBXBuildFile section */
		7BFD663D0E692592CF221C06 /* Pods_CoffeeAlum_GammaTests.framework in Frameworks */ = {isa = PBXBuildFile; fileRef = A7BDE24365ACB63D449BDD17 /* Pods_CoffeeAlum_GammaTests.framework */; };
		AEF95D93B5C6C875D38400BC /* Pods_CoffeeAlum_Gamma.framework in Frameworks */ = {isa = PBXBuildFile; fileRef = 4CEFA411C4C25E69136F2A01 /* Pods_CoffeeAlum_Gamma.framework */; };
		BD39AF5F1E300B44000E3E4C /* LocationSearchTableVC.swift in Sources */ = {isa = PBXBuildFile; fileRef = BD39AF5E1E300B44000E3E4C /* LocationSearchTableVC.swift */; };
		BD471DFF1E2D7DAF002CB142 /* Helper.swift in Sources */ = {isa = PBXBuildFile; fileRef = BD471DFE1E2D7DAF002CB142 /* Helper.swift */; };
		DD0B095A1EF2AC1D0019FE93 /* SearchVCMainView.swift in Sources */ = {isa = PBXBuildFile; fileRef = DD0B09591EF2AC1D0019FE93 /* SearchVCMainView.swift */; };
		DD12E0E11E244FED006A2663 /* SearchVC+CollectionView.swift in Sources */ = {isa = PBXBuildFile; fileRef = DD12E0DF1E244FED006A2663 /* SearchVC+CollectionView.swift */; };
		DD12E0E41E24501D006A2663 /* UIViewController + SidebarMenuPan.swift in Sources */ = {isa = PBXBuildFile; fileRef = DD12E0E31E24501D006A2663 /* UIViewController + SidebarMenuPan.swift */; };
		DD12E0E71E245064006A2663 /* ProfileGlimpseVC.swift in Sources */ = {isa = PBXBuildFile; fileRef = DD12E0E61E245064006A2663 /* ProfileGlimpseVC.swift */; };
		DD12E0EC1E245531006A2663 /* MessageCollectionViewCell.swift in Sources */ = {isa = PBXBuildFile; fileRef = DD12E0EB1E245531006A2663 /* MessageCollectionViewCell.swift */; };
		DD12E0EE1E2456C2006A2663 /* SearchVC+CustomPopover.swift in Sources */ = {isa = PBXBuildFile; fileRef = DD12E0ED1E2456C2006A2663 /* SearchVC+CustomPopover.swift */; };
		DD12E0F01E245D37006A2663 /* SearchVC+SearchBar.swift in Sources */ = {isa = PBXBuildFile; fileRef = DD12E0EF1E245D37006A2663 /* SearchVC+SearchBar.swift */; };
		DD12E0F31E2595D9006A2663 /* ProfileGlimpseVC+TableView.swift in Sources */ = {isa = PBXBuildFile; fileRef = DD12E0F21E2595D9006A2663 /* ProfileGlimpseVC+TableView.swift */; };
		DD12E0F51E25963C006A2663 /* ProfileGlimpseCell.swift in Sources */ = {isa = PBXBuildFile; fileRef = DD12E0F41E25963C006A2663 /* ProfileGlimpseCell.swift */; };
		DD12E0FB1E25A55A006A2663 /* Coffee.swift in Sources */ = {isa = PBXBuildFile; fileRef = DD12E0FA1E25A55A006A2663 /* Coffee.swift */; };
		DD12E0FD1E25A561006A2663 /* User.swift in Sources */ = {isa = PBXBuildFile; fileRef = DD12E0FC1E25A561006A2663 /* User.swift */; };
		DD12E0FF1E25B174006A2663 /* ProfileGlimpseVC+CollectionView.swift in Sources */ = {isa = PBXBuildFile; fileRef = DD12E0FE1E25B174006A2663 /* ProfileGlimpseVC+CollectionView.swift */; };
		DD12E1011E25B316006A2663 /* TagCollectionViewCell.swift in Sources */ = {isa = PBXBuildFile; fileRef = DD12E1001E25B316006A2663 /* TagCollectionViewCell.swift */; };
		DD1BB1771EDD5998004F881F /* UIImageView + Circularize.swift in Sources */ = {isa = PBXBuildFile; fileRef = DD1BB1761EDD5998004F881F /* UIImageView + Circularize.swift */; };
		DD2328591ECEFB6C001E2419 /* APIClient.swift in Sources */ = {isa = PBXBuildFile; fileRef = DD2328581ECEFB6C001E2419 /* APIClient.swift */; };
		DD35937D1E5755D4003A57CF /* InvitationVCMapView.swift in Sources */ = {isa = PBXBuildFile; fileRef = DD35937C1E5755D4003A57CF /* InvitationVCMapView.swift */; };
		DD361B861E4F5F5E00C5979F /* LocationSearchTableVC+TableView.swift in Sources */ = {isa = PBXBuildFile; fileRef = DD361B851E4F5F5E00C5979F /* LocationSearchTableVC+TableView.swift */; };
		DD361B881E51706700C5979F /* LocationManager.swift in Sources */ = {isa = PBXBuildFile; fileRef = DD361B871E51706700C5979F /* LocationManager.swift */; };
		DD43A7D11E15BCFE005C31A7 /* SWRevealViewController.m in Sources */ = {isa = PBXBuildFile; fileRef = DD43A7D01E15BCFE005C31A7 /* SWRevealViewController.m */; };
		DD43A7D61E16CE46005C31A7 /* SidebarMenuVC.swift in Sources */ = {isa = PBXBuildFile; fileRef = DD43A7D51E16CE46005C31A7 /* SidebarMenuVC.swift */; };
		DD43A7D81E16D3CB005C31A7 /* AdaptiveKeyboard.swift in Sources */ = {isa = PBXBuildFile; fileRef = DD43A7D71E16D3CB005C31A7 /* AdaptiveKeyboard.swift */; };
		DD43A80C1E17AD65005C31A7 /* SearchVC.swift in Sources */ = {isa = PBXBuildFile; fileRef = DD43A80B1E17AD65005C31A7 /* SearchVC.swift */; };
		DD43A80E1E181750005C31A7 /* SearchCollectionViewCell.swift in Sources */ = {isa = PBXBuildFile; fileRef = DD43A80D1E181750005C31A7 /* SearchCollectionViewCell.swift */; };
		DD4C87841ED3EAE900C90856 /* Invitation.swift in Sources */ = {isa = PBXBuildFile; fileRef = DD4C87831ED3EAE900C90856 /* Invitation.swift */; };
		DD6251DC1E4B709C001E6FFC /* TagCollectionViewCell.xib in Resources */ = {isa = PBXBuildFile; fileRef = DD6251DB1E4B709C001E6FFC /* TagCollectionViewCell.xib */; };
		DD6251DE1E4B9C6A001E6FFC /* AccountType.swift in Sources */ = {isa = PBXBuildFile; fileRef = DD6251DD1E4B9C6A001E6FFC /* AccountType.swift */; };
		DD6251E01E4BA96E001E6FFC /* FirebaseVCUnitTest.swift in Sources */ = {isa = PBXBuildFile; fileRef = DD6251DF1E4BA96E001E6FFC /* FirebaseVCUnitTest.swift */; };
		DD6251E51E4BBCFA001E6FFC /* Entry.storyboard in Resources */ = {isa = PBXBuildFile; fileRef = DD6251E31E4BBCFA001E6FFC /* Entry.storyboard */; };
		DD6251E71E4BBD2C001E6FFC /* Search.storyboard in Resources */ = {isa = PBXBuildFile; fileRef = DD6251E61E4BBD2C001E6FFC /* Search.storyboard */; };
		DD6251EA1E4BC304001E6FFC /* PersonalProfileTableViewCell.xib in Resources */ = {isa = PBXBuildFile; fileRef = DD6251E91E4BC304001E6FFC /* PersonalProfileTableViewCell.xib */; };
		DD6251EC1E4BC403001E6FFC /* PersonalProfileTableViewCell.swift in Sources */ = {isa = PBXBuildFile; fileRef = DD6251EB1E4BC403001E6FFC /* PersonalProfileTableViewCell.swift */; };
		DD6251EE1E4C2C88001E6FFC /* PersonalProfileVC+TableView.swift in Sources */ = {isa = PBXBuildFile; fileRef = DD6251ED1E4C2C88001E6FFC /* PersonalProfileVC+TableView.swift */; };
		DD6251F01E4C2D56001E6FFC /* PersonalProfileVC+ImagePicker.swift in Sources */ = {isa = PBXBuildFile; fileRef = DD6251EF1E4C2D56001E6FFC /* PersonalProfileVC+ImagePicker.swift */; };
		DD6251F31E4D913F001E6FFC /* InvitePopoverVC+MapView.swift in Sources */ = {isa = PBXBuildFile; fileRef = DD6251F21E4D913F001E6FFC /* InvitePopoverVC+MapView.swift */; };
		DD6251F51E4D9191001E6FFC /* InvitePopoverVC+Location.swift in Sources */ = {isa = PBXBuildFile; fileRef = DD6251F41E4D9191001E6FFC /* InvitePopoverVC+Location.swift */; };
		DD6917CB1EEBD25400426A90 /* SignInVCMainView.swift in Sources */ = {isa = PBXBuildFile; fileRef = DD6917CA1EEBD25400426A90 /* SignInVCMainView.swift */; };
		DD6917CD1EEBE45E00426A90 /* InvitationVCMainView.swift in Sources */ = {isa = PBXBuildFile; fileRef = DD6917CC1EEBE45E00426A90 /* InvitationVCMainView.swift */; };
		DD6917CF1EEBE58100426A90 /* SidebarMenuVCMainView.swift in Sources */ = {isa = PBXBuildFile; fileRef = DD6917CE1EEBE58100426A90 /* SidebarMenuVCMainView.swift */; };
		DD6917D21EEC260B00426A90 /* CoffeeMeetupsVCMainView.swift in Sources */ = {isa = PBXBuildFile; fileRef = DD6917D11EEC260B00426A90 /* CoffeeMeetupsVCMainView.swift */; };
		DD6917D41EEC26E200426A90 /* CoffeeMeetupsVCCollectionView.swift in Sources */ = {isa = PBXBuildFile; fileRef = DD6917D31EEC26E200426A90 /* CoffeeMeetupsVCCollectionView.swift */; };
		DD6917D61EEE9EBA00426A90 /* Constants.swift in Sources */ = {isa = PBXBuildFile; fileRef = DD6917D51EEE9EBA00426A90 /* Constants.swift */; };
		DDBE22E61E0EED7D00C0497E /* AppDelegate.swift in Sources */ = {isa = PBXBuildFile; fileRef = DDBE22E51E0EED7D00C0497E /* AppDelegate.swift */; };
		DDBE22E81E0EED7D00C0497E /* SignUpVC.swift in Sources */ = {isa = PBXBuildFile; fileRef = DDBE22E71E0EED7D00C0497E /* SignUpVC.swift */; };
		DDBE22EB1E0EED7D00C0497E /* Main.storyboard in Resources */ = {isa = PBXBuildFile; fileRef = DDBE22E91E0EED7D00C0497E /* Main.storyboard */; };
		DDBE22EE1E0EED7D00C0497E /* CoffeeAlum_Gamma.xcdatamodeld in Sources */ = {isa = PBXBuildFile; fileRef = DDBE22EC1E0EED7D00C0497E /* CoffeeAlum_Gamma.xcdatamodeld */; };
		DDBE22F01E0EED7D00C0497E /* Assets.xcassets in Resources */ = {isa = PBXBuildFile; fileRef = DDBE22EF1E0EED7D00C0497E /* Assets.xcassets */; };
		DDBE22F31E0EED7D00C0497E /* LaunchScreen.storyboard in Resources */ = {isa = PBXBuildFile; fileRef = DDBE22F11E0EED7D00C0497E /* LaunchScreen.storyboard */; };
		DDBE23091E0F107B00C0497E /* CustomGradientView.swift in Sources */ = {isa = PBXBuildFile; fileRef = DDBE23081E0F107B00C0497E /* CustomGradientView.swift */; };
		DDBE230F1E0F546200C0497E /* CustomLabel.swift in Sources */ = {isa = PBXBuildFile; fileRef = DDBE230E1E0F546200C0497E /* CustomLabel.swift */; };
		DDBE23111E0F5DB600C0497E /* CustomBezierView.swift in Sources */ = {isa = PBXBuildFile; fileRef = DDBE23101E0F5DB600C0497E /* CustomBezierView.swift */; };
		DDBE23131E0F67F100C0497E /* CustomBezierTextField.swift in Sources */ = {isa = PBXBuildFile; fileRef = DDBE23121E0F67F100C0497E /* CustomBezierTextField.swift */; };
		DDBE23151E0F6B7600C0497E /* CustomButton.swift in Sources */ = {isa = PBXBuildFile; fileRef = DDBE23141E0F6B7600C0497E /* CustomButton.swift */; };
		DDBE23171E1059D100C0497E /* SignInVC.swift in Sources */ = {isa = PBXBuildFile; fileRef = DDBE23161E1059D100C0497E /* SignInVC.swift */; };
		DDBE26B81E11DF0800C0497E /* CoffeeMeetupsVC.swift in Sources */ = {isa = PBXBuildFile; fileRef = DDBE26B71E11DF0800C0497E /* CoffeeMeetupsVC.swift */; };
		DDBE26BB1E11F14D00C0497E /* GoogleService-Info.plist in Resources */ = {isa = PBXBuildFile; fileRef = DDBE26BA1E11F14D00C0497E /* GoogleService-Info.plist */; };
		DDC6CB451EE65046000C51BB /* SignUpVCMainView.swift in Sources */ = {isa = PBXBuildFile; fileRef = DDC6CB441EE65046000C51BB /* SignUpVCMainView.swift */; };
		DDDDBB551E2C98050084D5A5 /* InvitePopoverVC.swift in Sources */ = {isa = PBXBuildFile; fileRef = DDDDBB541E2C98050084D5A5 /* InvitePopoverVC.swift */; };
		DDDDBB571E2D278B0084D5A5 /* SearchVC+ProfilePopover.swift in Sources */ = {isa = PBXBuildFile; fileRef = DDDDBB561E2D278B0084D5A5 /* SearchVC+ProfilePopover.swift */; };
		DDDDBB5A1E2D3AC70084D5A5 /* InvitationVC.swift in Sources */ = {isa = PBXBuildFile; fileRef = DDDDBB591E2D3AC70084D5A5 /* InvitationVC.swift */; };
		DDDDBB5C1E2D52CD0084D5A5 /* ProfileGlimpseVC+Popover.swift in Sources */ = {isa = PBXBuildFile; fileRef = DDDDBB5B1E2D52CD0084D5A5 /* ProfileGlimpseVC+Popover.swift */; };
		DDDDBB5F1E2D573B0084D5A5 /* CoffeeMeetupsVC+Popover.swift in Sources */ = {isa = PBXBuildFile; fileRef = DDDDBB5E1E2D573B0084D5A5 /* CoffeeMeetupsVC+Popover.swift */; };
		DDEC13251E198B94002C7CCF /* StickyCollectionViewFlowLayout.swift in Sources */ = {isa = PBXBuildFile; fileRef = DDEC13241E198B94002C7CCF /* StickyCollectionViewFlowLayout.swift */; };
		DDEC13271E198E5B002C7CCF /* CoffeeMeetupCollectionViewCell.swift in Sources */ = {isa = PBXBuildFile; fileRef = DDEC13261E198E5B002C7CCF /* CoffeeMeetupCollectionViewCell.swift */; };
		DDEC13291E199AB6002C7CCF /* UIView + CornerRadius.swift in Sources */ = {isa = PBXBuildFile; fileRef = DDEC13281E199AB6002C7CCF /* UIView + CornerRadius.swift */; };
		DDEC132F1E19E13C002C7CCF /* PersonalProfileVC.swift in Sources */ = {isa = PBXBuildFile; fileRef = DDEC132E1E19E13C002C7CCF /* PersonalProfileVC.swift */; };
		DDEC13311E19FEC8002C7CCF /* UIView + Shadow.swift in Sources */ = {isa = PBXBuildFile; fileRef = DDEC13301E19FEC8002C7CCF /* UIView + Shadow.swift */; };
		DDF46F411ED7272B00CD10E4 /* UIButton + SidebarMenuPan.swift in Sources */ = {isa = PBXBuildFile; fileRef = DDF46F401ED7272B00CD10E4 /* UIButton + SidebarMenuPan.swift */; };
/* End PBXBuildFile section */

/* Begin PBXContainerItemProxy section */
		DDBE22FA1E0EED7E00C0497E /* PBXContainerItemProxy */ = {
			isa = PBXContainerItemProxy;
			containerPortal = DDBE22DA1E0EED7D00C0497E /* Project object */;
			proxyType = 1;
			remoteGlobalIDString = DDBE22E11E0EED7D00C0497E;
			remoteInfo = "CoffeeAlum Gamma";
		};
/* End PBXContainerItemProxy section */

/* Begin PBXFileReference section */
		20DF2C435C1DFE4AC2063FA2 /* Pods-CoffeeAlum Gamma.release.xcconfig */ = {isa = PBXFileReference; includeInIndex = 1; lastKnownFileType = text.xcconfig; name = "Pods-CoffeeAlum Gamma.release.xcconfig"; path = "Pods/Target Support Files/Pods-CoffeeAlum Gamma/Pods-CoffeeAlum Gamma.release.xcconfig"; sourceTree = "<group>"; };
		4CEFA411C4C25E69136F2A01 /* Pods_CoffeeAlum_Gamma.framework */ = {isa = PBXFileReference; explicitFileType = wrapper.framework; includeInIndex = 0; path = Pods_CoffeeAlum_Gamma.framework; sourceTree = BUILT_PRODUCTS_DIR; };
		6F68E437F4B04C82B8A51E96 /* Pods-CoffeeAlum GammaTests.release.xcconfig */ = {isa = PBXFileReference; includeInIndex = 1; lastKnownFileType = text.xcconfig; name = "Pods-CoffeeAlum GammaTests.release.xcconfig"; path = "Pods/Target Support Files/Pods-CoffeeAlum GammaTests/Pods-CoffeeAlum GammaTests.release.xcconfig"; sourceTree = "<group>"; };
		80E90CCCD65925F958FD146F /* Pods-CoffeeAlum Gamma.debug.xcconfig */ = {isa = PBXFileReference; includeInIndex = 1; lastKnownFileType = text.xcconfig; name = "Pods-CoffeeAlum Gamma.debug.xcconfig"; path = "Pods/Target Support Files/Pods-CoffeeAlum Gamma/Pods-CoffeeAlum Gamma.debug.xcconfig"; sourceTree = "<group>"; };
		A7BDE24365ACB63D449BDD17 /* Pods_CoffeeAlum_GammaTests.framework */ = {isa = PBXFileReference; explicitFileType = wrapper.framework; includeInIndex = 0; path = Pods_CoffeeAlum_GammaTests.framework; sourceTree = BUILT_PRODUCTS_DIR; };
		B654CA1E66AC82A463466682 /* Pods-CoffeeAlum GammaTests.debug.xcconfig */ = {isa = PBXFileReference; includeInIndex = 1; lastKnownFileType = text.xcconfig; name = "Pods-CoffeeAlum GammaTests.debug.xcconfig"; path = "Pods/Target Support Files/Pods-CoffeeAlum GammaTests/Pods-CoffeeAlum GammaTests.debug.xcconfig"; sourceTree = "<group>"; };
		BD39AF5E1E300B44000E3E4C /* LocationSearchTableVC.swift */ = {isa = PBXFileReference; fileEncoding = 4; lastKnownFileType = sourcecode.swift; path = LocationSearchTableVC.swift; sourceTree = "<group>"; };
		BD471DFE1E2D7DAF002CB142 /* Helper.swift */ = {isa = PBXFileReference; fileEncoding = 4; lastKnownFileType = sourcecode.swift; path = Helper.swift; sourceTree = "<group>"; };
		DD0B09591EF2AC1D0019FE93 /* SearchVCMainView.swift */ = {isa = PBXFileReference; fileEncoding = 4; lastKnownFileType = sourcecode.swift; path = SearchVCMainView.swift; sourceTree = "<group>"; };
		DD12E0DF1E244FED006A2663 /* SearchVC+CollectionView.swift */ = {isa = PBXFileReference; fileEncoding = 4; lastKnownFileType = sourcecode.swift; path = "SearchVC+CollectionView.swift"; sourceTree = "<group>"; };
		DD12E0E31E24501D006A2663 /* UIViewController + SidebarMenuPan.swift */ = {isa = PBXFileReference; fileEncoding = 4; lastKnownFileType = sourcecode.swift; path = "UIViewController + SidebarMenuPan.swift"; sourceTree = "<group>"; };
		DD12E0E61E245064006A2663 /* ProfileGlimpseVC.swift */ = {isa = PBXFileReference; fileEncoding = 4; lastKnownFileType = sourcecode.swift; path = ProfileGlimpseVC.swift; sourceTree = "<group>"; };
		DD12E0EB1E245531006A2663 /* MessageCollectionViewCell.swift */ = {isa = PBXFileReference; fileEncoding = 4; lastKnownFileType = sourcecode.swift; path = MessageCollectionViewCell.swift; sourceTree = "<group>"; };
		DD12E0ED1E2456C2006A2663 /* SearchVC+CustomPopover.swift */ = {isa = PBXFileReference; fileEncoding = 4; lastKnownFileType = sourcecode.swift; path = "SearchVC+CustomPopover.swift"; sourceTree = "<group>"; };
		DD12E0EF1E245D37006A2663 /* SearchVC+SearchBar.swift */ = {isa = PBXFileReference; fileEncoding = 4; lastKnownFileType = sourcecode.swift; path = "SearchVC+SearchBar.swift"; sourceTree = "<group>"; };
		DD12E0F21E2595D9006A2663 /* ProfileGlimpseVC+TableView.swift */ = {isa = PBXFileReference; fileEncoding = 4; lastKnownFileType = sourcecode.swift; path = "ProfileGlimpseVC+TableView.swift"; sourceTree = "<group>"; };
		DD12E0F41E25963C006A2663 /* ProfileGlimpseCell.swift */ = {isa = PBXFileReference; fileEncoding = 4; lastKnownFileType = sourcecode.swift; path = ProfileGlimpseCell.swift; sourceTree = "<group>"; };
		DD12E0FA1E25A55A006A2663 /* Coffee.swift */ = {isa = PBXFileReference; fileEncoding = 4; lastKnownFileType = sourcecode.swift; path = Coffee.swift; sourceTree = "<group>"; };
		DD12E0FC1E25A561006A2663 /* User.swift */ = {isa = PBXFileReference; fileEncoding = 4; lastKnownFileType = sourcecode.swift; path = User.swift; sourceTree = "<group>"; };
		DD12E0FE1E25B174006A2663 /* ProfileGlimpseVC+CollectionView.swift */ = {isa = PBXFileReference; fileEncoding = 4; lastKnownFileType = sourcecode.swift; path = "ProfileGlimpseVC+CollectionView.swift"; sourceTree = "<group>"; };
		DD12E1001E25B316006A2663 /* TagCollectionViewCell.swift */ = {isa = PBXFileReference; fileEncoding = 4; lastKnownFileType = sourcecode.swift; path = TagCollectionViewCell.swift; sourceTree = "<group>"; };
		DD1BB1761EDD5998004F881F /* UIImageView + Circularize.swift */ = {isa = PBXFileReference; fileEncoding = 4; lastKnownFileType = sourcecode.swift; path = "UIImageView + Circularize.swift"; sourceTree = "<group>"; };
		DD2328581ECEFB6C001E2419 /* APIClient.swift */ = {isa = PBXFileReference; fileEncoding = 4; lastKnownFileType = sourcecode.swift; path = APIClient.swift; sourceTree = "<group>"; };
		DD35937C1E5755D4003A57CF /* InvitationVCMapView.swift */ = {isa = PBXFileReference; fileEncoding = 4; lastKnownFileType = sourcecode.swift; path = InvitationVCMapView.swift; sourceTree = "<group>"; };
		DD361B851E4F5F5E00C5979F /* LocationSearchTableVC+TableView.swift */ = {isa = PBXFileReference; fileEncoding = 4; lastKnownFileType = sourcecode.swift; path = "LocationSearchTableVC+TableView.swift"; sourceTree = "<group>"; };
		DD361B871E51706700C5979F /* LocationManager.swift */ = {isa = PBXFileReference; fileEncoding = 4; lastKnownFileType = sourcecode.swift; path = LocationManager.swift; sourceTree = "<group>"; };
		DD43A7CE1E15BCFD005C31A7 /* CoffeeAlum Gamma-Bridging-Header.h */ = {isa = PBXFileReference; lastKnownFileType = sourcecode.c.h; path = "CoffeeAlum Gamma-Bridging-Header.h"; sourceTree = "<group>"; };
		DD43A7CF1E15BCFE005C31A7 /* SWRevealViewController.h */ = {isa = PBXFileReference; fileEncoding = 4; lastKnownFileType = sourcecode.c.h; path = SWRevealViewController.h; sourceTree = "<group>"; };
		DD43A7D01E15BCFE005C31A7 /* SWRevealViewController.m */ = {isa = PBXFileReference; fileEncoding = 4; lastKnownFileType = sourcecode.c.objc; path = SWRevealViewController.m; sourceTree = "<group>"; };
		DD43A7D51E16CE46005C31A7 /* SidebarMenuVC.swift */ = {isa = PBXFileReference; fileEncoding = 4; lastKnownFileType = sourcecode.swift; path = SidebarMenuVC.swift; sourceTree = "<group>"; };
		DD43A7D71E16D3CB005C31A7 /* AdaptiveKeyboard.swift */ = {isa = PBXFileReference; fileEncoding = 4; lastKnownFileType = sourcecode.swift; path = AdaptiveKeyboard.swift; sourceTree = "<group>"; };
		DD43A80B1E17AD65005C31A7 /* SearchVC.swift */ = {isa = PBXFileReference; fileEncoding = 4; lastKnownFileType = sourcecode.swift; path = SearchVC.swift; sourceTree = "<group>"; };
		DD43A80D1E181750005C31A7 /* SearchCollectionViewCell.swift */ = {isa = PBXFileReference; fileEncoding = 4; lastKnownFileType = sourcecode.swift; path = SearchCollectionViewCell.swift; sourceTree = "<group>"; };
		DD4C87831ED3EAE900C90856 /* Invitation.swift */ = {isa = PBXFileReference; fileEncoding = 4; lastKnownFileType = sourcecode.swift; path = Invitation.swift; sourceTree = "<group>"; };
		DD6251DB1E4B709C001E6FFC /* TagCollectionViewCell.xib */ = {isa = PBXFileReference; fileEncoding = 4; lastKnownFileType = file.xib; path = TagCollectionViewCell.xib; sourceTree = "<group>"; };
		DD6251DD1E4B9C6A001E6FFC /* AccountType.swift */ = {isa = PBXFileReference; fileEncoding = 4; lastKnownFileType = sourcecode.swift; path = AccountType.swift; sourceTree = "<group>"; };
		DD6251DF1E4BA96E001E6FFC /* FirebaseVCUnitTest.swift */ = {isa = PBXFileReference; fileEncoding = 4; lastKnownFileType = sourcecode.swift; path = FirebaseVCUnitTest.swift; sourceTree = "<group>"; };
		DD6251E41E4BBCFA001E6FFC /* Base */ = {isa = PBXFileReference; lastKnownFileType = file.storyboard; name = Base; path = Base.lproj/Entry.storyboard; sourceTree = "<group>"; };
		DD6251E61E4BBD2C001E6FFC /* Search.storyboard */ = {isa = PBXFileReference; fileEncoding = 4; lastKnownFileType = file.storyboard; path = Search.storyboard; sourceTree = "<group>"; };
		DD6251E91E4BC304001E6FFC /* PersonalProfileTableViewCell.xib */ = {isa = PBXFileReference; fileEncoding = 4; lastKnownFileType = file.xib; path = PersonalProfileTableViewCell.xib; sourceTree = "<group>"; };
		DD6251EB1E4BC403001E6FFC /* PersonalProfileTableViewCell.swift */ = {isa = PBXFileReference; fileEncoding = 4; lastKnownFileType = sourcecode.swift; path = PersonalProfileTableViewCell.swift; sourceTree = "<group>"; };
		DD6251ED1E4C2C88001E6FFC /* PersonalProfileVC+TableView.swift */ = {isa = PBXFileReference; fileEncoding = 4; lastKnownFileType = sourcecode.swift; path = "PersonalProfileVC+TableView.swift"; sourceTree = "<group>"; };
		DD6251EF1E4C2D56001E6FFC /* PersonalProfileVC+ImagePicker.swift */ = {isa = PBXFileReference; fileEncoding = 4; lastKnownFileType = sourcecode.swift; path = "PersonalProfileVC+ImagePicker.swift"; sourceTree = "<group>"; };
		DD6251F21E4D913F001E6FFC /* InvitePopoverVC+MapView.swift */ = {isa = PBXFileReference; fileEncoding = 4; lastKnownFileType = sourcecode.swift; path = "InvitePopoverVC+MapView.swift"; sourceTree = "<group>"; };
		DD6251F41E4D9191001E6FFC /* InvitePopoverVC+Location.swift */ = {isa = PBXFileReference; fileEncoding = 4; lastKnownFileType = sourcecode.swift; path = "InvitePopoverVC+Location.swift"; sourceTree = "<group>"; };
		DD6917CA1EEBD25400426A90 /* SignInVCMainView.swift */ = {isa = PBXFileReference; fileEncoding = 4; lastKnownFileType = sourcecode.swift; path = SignInVCMainView.swift; sourceTree = "<group>"; };
		DD6917CC1EEBE45E00426A90 /* InvitationVCMainView.swift */ = {isa = PBXFileReference; fileEncoding = 4; lastKnownFileType = sourcecode.swift; path = InvitationVCMainView.swift; sourceTree = "<group>"; };
		DD6917CE1EEBE58100426A90 /* SidebarMenuVCMainView.swift */ = {isa = PBXFileReference; fileEncoding = 4; lastKnownFileType = sourcecode.swift; path = SidebarMenuVCMainView.swift; sourceTree = "<group>"; };
		DD6917D11EEC260B00426A90 /* CoffeeMeetupsVCMainView.swift */ = {isa = PBXFileReference; fileEncoding = 4; lastKnownFileType = sourcecode.swift; path = CoffeeMeetupsVCMainView.swift; sourceTree = "<group>"; };
		DD6917D31EEC26E200426A90 /* CoffeeMeetupsVCCollectionView.swift */ = {isa = PBXFileReference; fileEncoding = 4; lastKnownFileType = sourcecode.swift; path = CoffeeMeetupsVCCollectionView.swift; sourceTree = "<group>"; };
		DD6917D51EEE9EBA00426A90 /* Constants.swift */ = {isa = PBXFileReference; fileEncoding = 4; lastKnownFileType = sourcecode.swift; path = Constants.swift; sourceTree = "<group>"; };
		DDBE22E21E0EED7D00C0497E /* CoffeeAlum Gamma.app */ = {isa = PBXFileReference; explicitFileType = wrapper.application; includeInIndex = 0; path = "CoffeeAlum Gamma.app"; sourceTree = BUILT_PRODUCTS_DIR; };
		DDBE22E51E0EED7D00C0497E /* AppDelegate.swift */ = {isa = PBXFileReference; lastKnownFileType = sourcecode.swift; path = AppDelegate.swift; sourceTree = "<group>"; };
		DDBE22E71E0EED7D00C0497E /* SignUpVC.swift */ = {isa = PBXFileReference; lastKnownFileType = sourcecode.swift; path = SignUpVC.swift; sourceTree = "<group>"; };
		DDBE22EA1E0EED7D00C0497E /* Base */ = {isa = PBXFileReference; lastKnownFileType = file.storyboard; name = Base; path = Base.lproj/Main.storyboard; sourceTree = "<group>"; };
		DDBE22ED1E0EED7D00C0497E /* CoffeeAlum_Gamma.xcdatamodel */ = {isa = PBXFileReference; lastKnownFileType = wrapper.xcdatamodel; path = CoffeeAlum_Gamma.xcdatamodel; sourceTree = "<group>"; };
		DDBE22EF1E0EED7D00C0497E /* Assets.xcassets */ = {isa = PBXFileReference; lastKnownFileType = folder.assetcatalog; path = Assets.xcassets; sourceTree = "<group>"; };
		DDBE22F21E0EED7D00C0497E /* Base */ = {isa = PBXFileReference; lastKnownFileType = file.storyboard; name = Base; path = Base.lproj/LaunchScreen.storyboard; sourceTree = "<group>"; };
		DDBE22F41E0EED7D00C0497E /* Info.plist */ = {isa = PBXFileReference; lastKnownFileType = text.plist.xml; path = Info.plist; sourceTree = "<group>"; };
		DDBE22F91E0EED7E00C0497E /* CoffeeAlum GammaTests.xctest */ = {isa = PBXFileReference; explicitFileType = wrapper.cfbundle; includeInIndex = 0; path = "CoffeeAlum GammaTests.xctest"; sourceTree = BUILT_PRODUCTS_DIR; };
		DDBE22FF1E0EED7E00C0497E /* Info.plist */ = {isa = PBXFileReference; lastKnownFileType = text.plist.xml; path = Info.plist; sourceTree = "<group>"; };
		DDBE23081E0F107B00C0497E /* CustomGradientView.swift */ = {isa = PBXFileReference; fileEncoding = 4; lastKnownFileType = sourcecode.swift; path = CustomGradientView.swift; sourceTree = "<group>"; };
		DDBE230E1E0F546200C0497E /* CustomLabel.swift */ = {isa = PBXFileReference; fileEncoding = 4; lastKnownFileType = sourcecode.swift; path = CustomLabel.swift; sourceTree = "<group>"; };
		DDBE23101E0F5DB600C0497E /* CustomBezierView.swift */ = {isa = PBXFileReference; fileEncoding = 4; lastKnownFileType = sourcecode.swift; path = CustomBezierView.swift; sourceTree = "<group>"; };
		DDBE23121E0F67F100C0497E /* CustomBezierTextField.swift */ = {isa = PBXFileReference; fileEncoding = 4; lastKnownFileType = sourcecode.swift; path = CustomBezierTextField.swift; sourceTree = "<group>"; };
		DDBE23141E0F6B7600C0497E /* CustomButton.swift */ = {isa = PBXFileReference; fileEncoding = 4; lastKnownFileType = sourcecode.swift; path = CustomButton.swift; sourceTree = "<group>"; };
		DDBE23161E1059D100C0497E /* SignInVC.swift */ = {isa = PBXFileReference; fileEncoding = 4; lastKnownFileType = sourcecode.swift; path = SignInVC.swift; sourceTree = "<group>"; };
		DDBE26B71E11DF0800C0497E /* CoffeeMeetupsVC.swift */ = {isa = PBXFileReference; fileEncoding = 4; lastKnownFileType = sourcecode.swift; path = CoffeeMeetupsVC.swift; sourceTree = "<group>"; };
		DDBE26BA1E11F14D00C0497E /* GoogleService-Info.plist */ = {isa = PBXFileReference; fileEncoding = 4; lastKnownFileType = text.plist.xml; path = "GoogleService-Info.plist"; sourceTree = "<group>"; };
		DDC6CB441EE65046000C51BB /* SignUpVCMainView.swift */ = {isa = PBXFileReference; fileEncoding = 4; lastKnownFileType = sourcecode.swift; path = SignUpVCMainView.swift; sourceTree = "<group>"; };
		DDDDBB541E2C98050084D5A5 /* InvitePopoverVC.swift */ = {isa = PBXFileReference; fileEncoding = 4; lastKnownFileType = sourcecode.swift; path = InvitePopoverVC.swift; sourceTree = "<group>"; };
		DDDDBB561E2D278B0084D5A5 /* SearchVC+ProfilePopover.swift */ = {isa = PBXFileReference; fileEncoding = 4; lastKnownFileType = sourcecode.swift; path = "SearchVC+ProfilePopover.swift"; sourceTree = "<group>"; };
		DDDDBB591E2D3AC70084D5A5 /* InvitationVC.swift */ = {isa = PBXFileReference; fileEncoding = 4; lastKnownFileType = sourcecode.swift; path = InvitationVC.swift; sourceTree = "<group>"; };
		DDDDBB5B1E2D52CD0084D5A5 /* ProfileGlimpseVC+Popover.swift */ = {isa = PBXFileReference; fileEncoding = 4; lastKnownFileType = sourcecode.swift; path = "ProfileGlimpseVC+Popover.swift"; sourceTree = "<group>"; };
		DDDDBB5E1E2D573B0084D5A5 /* CoffeeMeetupsVC+Popover.swift */ = {isa = PBXFileReference; fileEncoding = 4; lastKnownFileType = sourcecode.swift; path = "CoffeeMeetupsVC+Popover.swift"; sourceTree = "<group>"; };
		DDEC13241E198B94002C7CCF /* StickyCollectionViewFlowLayout.swift */ = {isa = PBXFileReference; fileEncoding = 4; lastKnownFileType = sourcecode.swift; path = StickyCollectionViewFlowLayout.swift; sourceTree = "<group>"; };
		DDEC13261E198E5B002C7CCF /* CoffeeMeetupCollectionViewCell.swift */ = {isa = PBXFileReference; fileEncoding = 4; lastKnownFileType = sourcecode.swift; path = CoffeeMeetupCollectionViewCell.swift; sourceTree = "<group>"; };
		DDEC13281E199AB6002C7CCF /* UIView + CornerRadius.swift */ = {isa = PBXFileReference; fileEncoding = 4; lastKnownFileType = sourcecode.swift; path = "UIView + CornerRadius.swift"; sourceTree = "<group>"; };
		DDEC132A1E19AF1B002C7CCF /* CoffeeAlum Gamma.entitlements */ = {isa = PBXFileReference; lastKnownFileType = text.plist.entitlements; path = "CoffeeAlum Gamma.entitlements"; sourceTree = "<group>"; };
		DDEC132E1E19E13C002C7CCF /* PersonalProfileVC.swift */ = {isa = PBXFileReference; fileEncoding = 4; lastKnownFileType = sourcecode.swift; path = PersonalProfileVC.swift; sourceTree = "<group>"; };
		DDEC13301E19FEC8002C7CCF /* UIView + Shadow.swift */ = {isa = PBXFileReference; fileEncoding = 4; lastKnownFileType = sourcecode.swift; path = "UIView + Shadow.swift"; sourceTree = "<group>"; };
		DDF46F401ED7272B00CD10E4 /* UIButton + SidebarMenuPan.swift */ = {isa = PBXFileReference; fileEncoding = 4; lastKnownFileType = sourcecode.swift; path = "UIButton + SidebarMenuPan.swift"; sourceTree = "<group>"; };
/* End PBXFileReference section */

/* Begin PBXFrameworksBuildPhase section */
		DDBE22DF1E0EED7D00C0497E /* Frameworks */ = {
			isa = PBXFrameworksBuildPhase;
			buildActionMask = 2147483647;
			files = (
				AEF95D93B5C6C875D38400BC /* Pods_CoffeeAlum_Gamma.framework in Frameworks */,
			);
			runOnlyForDeploymentPostprocessing = 0;
		};
		DDBE22F61E0EED7E00C0497E /* Frameworks */ = {
			isa = PBXFrameworksBuildPhase;
			buildActionMask = 2147483647;
			files = (
				7BFD663D0E692592CF221C06 /* Pods_CoffeeAlum_GammaTests.framework in Frameworks */,
			);
			runOnlyForDeploymentPostprocessing = 0;
		};
/* End PBXFrameworksBuildPhase section */

/* Begin PBXGroup section */
		2BE680D13371DDA0E9AE83E9 /* Pods */ = {
			isa = PBXGroup;
			children = (
				80E90CCCD65925F958FD146F /* Pods-CoffeeAlum Gamma.debug.xcconfig */,
				20DF2C435C1DFE4AC2063FA2 /* Pods-CoffeeAlum Gamma.release.xcconfig */,
				B654CA1E66AC82A463466682 /* Pods-CoffeeAlum GammaTests.debug.xcconfig */,
				6F68E437F4B04C82B8A51E96 /* Pods-CoffeeAlum GammaTests.release.xcconfig */,
			);
			name = Pods;
			sourceTree = "<group>";
		};
		514D2801BEBB554CD8D8D905 /* Frameworks */ = {
			isa = PBXGroup;
			children = (
				4CEFA411C4C25E69136F2A01 /* Pods_CoffeeAlum_Gamma.framework */,
				A7BDE24365ACB63D449BDD17 /* Pods_CoffeeAlum_GammaTests.framework */,
			);
			name = Frameworks;
			sourceTree = "<group>";
		};
		DD0A30C71E4E6971009D619F /* PersonalProfileTableViewCell */ = {
			isa = PBXGroup;
			children = (
				DD6251E91E4BC304001E6FFC /* PersonalProfileTableViewCell.xib */,
				DD6251EB1E4BC403001E6FFC /* PersonalProfileTableViewCell.swift */,
			);
			name = PersonalProfileTableViewCell;
			sourceTree = "<group>";
		};
		DD0A30C81E4E698B009D619F /* LocationTableVC */ = {
			isa = PBXGroup;
			children = (
				BD39AF5E1E300B44000E3E4C /* LocationSearchTableVC.swift */,
				DD361B851E4F5F5E00C5979F /* LocationSearchTableVC+TableView.swift */,
			);
			name = LocationTableVC;
			sourceTree = "<group>";
		};
		DD12E0E51E245027006A2663 /* SearchVC */ = {
			isa = PBXGroup;
			children = (
				DD43A80B1E17AD65005C31A7 /* SearchVC.swift */,
				DD0B09591EF2AC1D0019FE93 /* SearchVCMainView.swift */,
				DD12E0EF1E245D37006A2663 /* SearchVC+SearchBar.swift */,
				DD12E0ED1E2456C2006A2663 /* SearchVC+CustomPopover.swift */,
				DD12E0DF1E244FED006A2663 /* SearchVC+CollectionView.swift */,
				DDDDBB561E2D278B0084D5A5 /* SearchVC+ProfilePopover.swift */,
			);
			name = SearchVC;
			sourceTree = "<group>";
		};
		DD12E0F11E2595B0006A2663 /* ProfileGlimpseVC */ = {
			isa = PBXGroup;
			children = (
				DD12E0E61E245064006A2663 /* ProfileGlimpseVC.swift */,
				DD12E0F21E2595D9006A2663 /* ProfileGlimpseVC+TableView.swift */,
				DD12E0FE1E25B174006A2663 /* ProfileGlimpseVC+CollectionView.swift */,
				DDDDBB5B1E2D52CD0084D5A5 /* ProfileGlimpseVC+Popover.swift */,
			);
			name = ProfileGlimpseVC;
			sourceTree = "<group>";
		};
		DD23285A1ECEFB6F001E2419 /* Network */ = {
			isa = PBXGroup;
			children = (
				DD2328581ECEFB6C001E2419 /* APIClient.swift */,
			);
			name = Network;
			sourceTree = "<group>";
		};
		DD3593731E560419003A57CF /* Storyboards */ = {
			isa = PBXGroup;
			children = (
				DDBE22F11E0EED7D00C0497E /* LaunchScreen.storyboard */,
				DD6251E31E4BBCFA001E6FFC /* Entry.storyboard */,
				DDBE22E91E0EED7D00C0497E /* Main.storyboard */,
				DD6251E61E4BBD2C001E6FFC /* Search.storyboard */,
			);
			name = Storyboards;
			sourceTree = "<group>";
		};
		DD35937E1E57560D003A57CF /* Supporting Files */ = {
			isa = PBXGroup;
			children = (
				DDEC132A1E19AF1B002C7CCF /* CoffeeAlum Gamma.entitlements */,
				DDBE22E51E0EED7D00C0497E /* AppDelegate.swift */,
				DD361B871E51706700C5979F /* LocationManager.swift */,
				DDBE22F41E0EED7D00C0497E /* Info.plist */,
				DDBE22EC1E0EED7D00C0497E /* CoffeeAlum_Gamma.xcdatamodeld */,
				DDBE26BA1E11F14D00C0497E /* GoogleService-Info.plist */,
				DDBE22EF1E0EED7D00C0497E /* Assets.xcassets */,
			);
			name = "Supporting Files";
			path = "CoffeeAlum Gamma";
			sourceTree = "<group>";
		};
		DD43A7CA1E15BC9E005C31A7 /* SWRevealViewController */ = {
			isa = PBXGroup;
			children = (
				DD43A7CF1E15BCFE005C31A7 /* SWRevealViewController.h */,
				DD43A7D01E15BCFE005C31A7 /* SWRevealViewController.m */,
				DD43A7CE1E15BCFD005C31A7 /* CoffeeAlum Gamma-Bridging-Header.h */,
			);
			path = SWRevealViewController;
			sourceTree = "<group>";
		};
		DD43A7D21E15EAA7005C31A7 /* Menu */ = {
			isa = PBXGroup;
			children = (
				DD6917D01EEBE58500426A90 /* SidebarMenuVC */,
			);
			name = Menu;
			sourceTree = "<group>";
		};
		DD43A8031E172268005C31A7 /* CustomViews */ = {
			isa = PBXGroup;
			children = (
				DDBE23081E0F107B00C0497E /* CustomGradientView.swift */,
				DDBE23101E0F5DB600C0497E /* CustomBezierView.swift */,
			);
			name = CustomViews;
			sourceTree = "<group>";
		};
		DD43A8041E172440005C31A7 /* Custom UIElements */ = {
			isa = PBXGroup;
			children = (
				DD43A8031E172268005C31A7 /* CustomViews */,
				DDBE230E1E0F546200C0497E /* CustomLabel.swift */,
				DDBE23121E0F67F100C0497E /* CustomBezierTextField.swift */,
				DDBE23141E0F6B7600C0497E /* CustomButton.swift */,
			);
			name = "Custom UIElements";
			sourceTree = "<group>";
		};
		DD43A8071E174063005C31A7 /* UIElement Extensions */ = {
			isa = PBXGroup;
			children = (
				DDEC13281E199AB6002C7CCF /* UIView + CornerRadius.swift */,
				DDEC13301E19FEC8002C7CCF /* UIView + Shadow.swift */,
				DD12E0E31E24501D006A2663 /* UIViewController + SidebarMenuPan.swift */,
				DDF46F401ED7272B00CD10E4 /* UIButton + SidebarMenuPan.swift */,
				DD1BB1761EDD5998004F881F /* UIImageView + Circularize.swift */,
			);
			name = "UIElement Extensions";
			sourceTree = "<group>";
		};
		DD43A80A1E174499005C31A7 /* Keyboard Customization */ = {
			isa = PBXGroup;
			children = (
				DD43A7D71E16D3CB005C31A7 /* AdaptiveKeyboard.swift */,
			);
			name = "Keyboard Customization";
			sourceTree = "<group>";
		};
		DD6251D91E4B7071001E6FFC /* CollectionViewCells */ = {
			isa = PBXGroup;
			children = (
				DDEC13261E198E5B002C7CCF /* CoffeeMeetupCollectionViewCell.swift */,
				DD12E0EB1E245531006A2663 /* MessageCollectionViewCell.swift */,
				DD43A80D1E181750005C31A7 /* SearchCollectionViewCell.swift */,
				DD6251DA1E4B7085001E6FFC /* TagCollectionViewCell */,
			);
			name = CollectionViewCells;
			sourceTree = "<group>";
		};
		DD6251DA1E4B7085001E6FFC /* TagCollectionViewCell */ = {
			isa = PBXGroup;
			children = (
				DD12E1001E25B316006A2663 /* TagCollectionViewCell.swift */,
				DD6251DB1E4B709C001E6FFC /* TagCollectionViewCell.xib */,
			);
			name = TagCollectionViewCell;
			sourceTree = "<group>";
		};
		DD6251E81E4BC2E6001E6FFC /* TableViewCells */ = {
			isa = PBXGroup;
			children = (
				DD12E0F41E25963C006A2663 /* ProfileGlimpseCell.swift */,
				DD0A30C71E4E6971009D619F /* PersonalProfileTableViewCell */,
			);
			name = TableViewCells;
			sourceTree = "<group>";
		};
		DD6251F11E4D90FD001E6FFC /* InvitePopoverVC */ = {
			isa = PBXGroup;
			children = (
				DDDDBB541E2C98050084D5A5 /* InvitePopoverVC.swift */,
				DD6251F21E4D913F001E6FFC /* InvitePopoverVC+MapView.swift */,
				DD6251F41E4D9191001E6FFC /* InvitePopoverVC+Location.swift */,
			);
			name = InvitePopoverVC;
			sourceTree = "<group>";
		};
		DD6917C91EEBD22600426A90 /* SignInVC */ = {
			isa = PBXGroup;
			children = (
				DDBE23161E1059D100C0497E /* SignInVC.swift */,
				DD6917CA1EEBD25400426A90 /* SignInVCMainView.swift */,
			);
			name = SignInVC;
			sourceTree = "<group>";
		};
		DD6917D01EEBE58500426A90 /* SidebarMenuVC */ = {
			isa = PBXGroup;
			children = (
				DD43A7D51E16CE46005C31A7 /* SidebarMenuVC.swift */,
				DD6917CE1EEBE58100426A90 /* SidebarMenuVCMainView.swift */,
			);
			name = SidebarMenuVC;
			sourceTree = "<group>";
		};
		DDBE22D91E0EED7D00C0497E = {
			isa = PBXGroup;
			children = (
				DDBE22E41E0EED7D00C0497E /* CoffeeAlum Gamma */,
				DD35937E1E57560D003A57CF /* Supporting Files */,
				DD43A7CA1E15BC9E005C31A7 /* SWRevealViewController */,
				DDBE22FC1E0EED7E00C0497E /* CoffeeAlum GammaTests */,
				DDBE22E31E0EED7D00C0497E /* Products */,
				2BE680D13371DDA0E9AE83E9 /* Pods */,
				514D2801BEBB554CD8D8D905 /* Frameworks */,
			);
			sourceTree = "<group>";
		};
		DDBE22E31E0EED7D00C0497E /* Products */ = {
			isa = PBXGroup;
			children = (
				DDBE22E21E0EED7D00C0497E /* CoffeeAlum Gamma.app */,
				DDBE22F91E0EED7E00C0497E /* CoffeeAlum GammaTests.xctest */,
			);
			name = Products;
			sourceTree = "<group>";
		};
		DDBE22E41E0EED7D00C0497E /* CoffeeAlum Gamma */ = {
			isa = PBXGroup;
			children = (
				DDBE230B1E0F26B600C0497E /* View Controllers (VC) */,
				DDBE230D1E0F26CB00C0497E /* Views */,
				DDBE230C1E0F26C400C0497E /* Models */,
				DD23285A1ECEFB6F001E2419 /* Network */,
				DDEC13231E198B7D002C7CCF /* Layouts */,
				DD43A8071E174063005C31A7 /* UIElement Extensions */,
				DD3593731E560419003A57CF /* Storyboards */,
				DDBE230A1E0F10A100C0497E /* Custom */,
				DD6917D51EEE9EBA00426A90 /* Constants.swift */,
			);
			path = "CoffeeAlum Gamma";
			sourceTree = "<group>";
		};
		DDBE22FC1E0EED7E00C0497E /* CoffeeAlum GammaTests */ = {
			isa = PBXGroup;
			children = (
				DD6251DF1E4BA96E001E6FFC /* FirebaseVCUnitTest.swift */,
				DDBE22FF1E0EED7E00C0497E /* Info.plist */,
			);
			path = "CoffeeAlum GammaTests";
			sourceTree = "<group>";
		};
		DDBE230A1E0F10A100C0497E /* Custom */ = {
			isa = PBXGroup;
			children = (
				BD471DFE1E2D7DAF002CB142 /* Helper.swift */,
				DD43A80A1E174499005C31A7 /* Keyboard Customization */,
				DD43A8041E172440005C31A7 /* Custom UIElements */,
			);
			name = Custom;
			sourceTree = "<group>";
		};
		DDBE230B1E0F26B600C0497E /* View Controllers (VC) */ = {
			isa = PBXGroup;
			children = (
				DDBE26B61E11DEE000C0497E /* Sign Up or Sign In */,
				DDDDBB5D1E2D571B0084D5A5 /* CoffeeMeetupsVC */,
				DDDDBB581E2D3AAF0084D5A5 /* InvitationViewController */,
				DDEC132D1E19E12F002C7CCF /* PersonalProfileVC */,
				DD43A7D21E15EAA7005C31A7 /* Menu */,
				DD6251F11E4D90FD001E6FFC /* InvitePopoverVC */,
				DD0A30C81E4E698B009D619F /* LocationTableVC */,
				DD12E0F11E2595B0006A2663 /* ProfileGlimpseVC */,
				DD12E0E51E245027006A2663 /* SearchVC */,
			);
			name = "View Controllers (VC)";
			sourceTree = "<group>";
		};
		DDBE230C1E0F26C400C0497E /* Models */ = {
			isa = PBXGroup;
			children = (
				DD12E0FC1E25A561006A2663 /* User.swift */,
				DD12E0FA1E25A55A006A2663 /* Coffee.swift */,
				DD6251DD1E4B9C6A001E6FFC /* AccountType.swift */,
				DD4C87831ED3EAE900C90856 /* Invitation.swift */,
			);
			name = Models;
			sourceTree = "<group>";
		};
		DDBE230D1E0F26CB00C0497E /* Views */ = {
			isa = PBXGroup;
			children = (
				DD6251E81E4BC2E6001E6FFC /* TableViewCells */,
				DD6251D91E4B7071001E6FFC /* CollectionViewCells */,
			);
			name = Views;
			sourceTree = "<group>";
		};
		DDBE26B61E11DEE000C0497E /* Sign Up or Sign In */ = {
			isa = PBXGroup;
			children = (
				DDC6CB461EE6504B000C51BB /* SignUpVC */,
				DD6917C91EEBD22600426A90 /* SignInVC */,
			);
			name = "Sign Up or Sign In";
			sourceTree = "<group>";
		};
		DDC6CB461EE6504B000C51BB /* SignUpVC */ = {
			isa = PBXGroup;
			children = (
				DDBE22E71E0EED7D00C0497E /* SignUpVC.swift */,
				DDC6CB441EE65046000C51BB /* SignUpVCMainView.swift */,
			);
			name = SignUpVC;
			sourceTree = "<group>";
		};
		DDDDBB581E2D3AAF0084D5A5 /* InvitationViewController */ = {
			isa = PBXGroup;
			children = (
				DDDDBB591E2D3AC70084D5A5 /* InvitationVC.swift */,
				DD6917CC1EEBE45E00426A90 /* InvitationVCMainView.swift */,
				DD35937C1E5755D4003A57CF /* InvitationVCMapView.swift */,
			);
			name = InvitationViewController;
			sourceTree = "<group>";
		};
		DDDDBB5D1E2D571B0084D5A5 /* CoffeeMeetupsVC */ = {
			isa = PBXGroup;
			children = (
				DDBE26B71E11DF0800C0497E /* CoffeeMeetupsVC.swift */,
				DD6917D11EEC260B00426A90 /* CoffeeMeetupsVCMainView.swift */,
				DD6917D31EEC26E200426A90 /* CoffeeMeetupsVCCollectionView.swift */,
				DDDDBB5E1E2D573B0084D5A5 /* CoffeeMeetupsVC+Popover.swift */,
			);
			name = CoffeeMeetupsVC;
			sourceTree = "<group>";
		};
		DDEC13231E198B7D002C7CCF /* Layouts */ = {
			isa = PBXGroup;
			children = (
				DDEC13241E198B94002C7CCF /* StickyCollectionViewFlowLayout.swift */,
			);
			name = Layouts;
			sourceTree = "<group>";
		};
		DDEC132D1E19E12F002C7CCF /* PersonalProfileVC */ = {
			isa = PBXGroup;
			children = (
				DDEC132E1E19E13C002C7CCF /* PersonalProfileVC.swift */,
				DD6251EF1E4C2D56001E6FFC /* PersonalProfileVC+ImagePicker.swift */,
				DD6251ED1E4C2C88001E6FFC /* PersonalProfileVC+TableView.swift */,
			);
			name = PersonalProfileVC;
			sourceTree = "<group>";
		};
/* End PBXGroup section */

/* Begin PBXNativeTarget section */
		DDBE22E11E0EED7D00C0497E /* CoffeeAlum Gamma */ = {
			isa = PBXNativeTarget;
			buildConfigurationList = DDBE23021E0EED7E00C0497E /* Build configuration list for PBXNativeTarget "CoffeeAlum Gamma" */;
			buildPhases = (
				16BD9651C61C0150BE88EAED /* [CP] Check Pods Manifest.lock */,
				DDBE22DE1E0EED7D00C0497E /* Sources */,
				DDBE22DF1E0EED7D00C0497E /* Frameworks */,
				DDBE22E01E0EED7D00C0497E /* Resources */,
				96A56BA2094581B2C8FB95A8 /* [CP] Embed Pods Frameworks */,
				E6E23842FAACED632DD63B95 /* [CP] Copy Pods Resources */,
			);
			buildRules = (
			);
			dependencies = (
			);
			name = "CoffeeAlum Gamma";
			productName = "CoffeeAlum Gamma";
			productReference = DDBE22E21E0EED7D00C0497E /* CoffeeAlum Gamma.app */;
			productType = "com.apple.product-type.application";
		};
		DDBE22F81E0EED7E00C0497E /* CoffeeAlum GammaTests */ = {
			isa = PBXNativeTarget;
			buildConfigurationList = DDBE23051E0EED7E00C0497E /* Build configuration list for PBXNativeTarget "CoffeeAlum GammaTests" */;
			buildPhases = (
				AE67617F513BE85528B2E69D /* [CP] Check Pods Manifest.lock */,
				DDBE22F51E0EED7E00C0497E /* Sources */,
				DDBE22F61E0EED7E00C0497E /* Frameworks */,
				DDBE22F71E0EED7E00C0497E /* Resources */,
				4A060DDA380DF8903DB636B6 /* [CP] Embed Pods Frameworks */,
				98557C44F69F2BE64714DBEE /* [CP] Copy Pods Resources */,
			);
			buildRules = (
			);
			dependencies = (
				DDBE22FB1E0EED7E00C0497E /* PBXTargetDependency */,
			);
			name = "CoffeeAlum GammaTests";
			productName = "CoffeeAlum GammaTests";
			productReference = DDBE22F91E0EED7E00C0497E /* CoffeeAlum GammaTests.xctest */;
			productType = "com.apple.product-type.bundle.unit-test";
		};
/* End PBXNativeTarget section */

/* Begin PBXProject section */
		DDBE22DA1E0EED7D00C0497E /* Project object */ = {
			isa = PBXProject;
			attributes = {
				LastSwiftUpdateCheck = 0820;
				LastUpgradeCheck = 0820;
				ORGANIZATIONNAME = "Trevin Wisaksana";
				TargetAttributes = {
					DDBE22E11E0EED7D00C0497E = {
						CreatedOnToolsVersion = 8.2;
						DevelopmentTeam = 9ME882KZTA;
						LastSwiftMigration = 0820;
						ProvisioningStyle = Automatic;
						SystemCapabilities = {
							com.apple.DataProtection = {
								enabled = 1;
							};
							com.apple.Keychain = {
								enabled = 1;
							};
							com.apple.Push = {
								enabled = 1;
							};
						};
					};
					DDBE22F81E0EED7E00C0497E = {
						CreatedOnToolsVersion = 8.2;
						DevelopmentTeam = 9ME882KZTA;
						ProvisioningStyle = Automatic;
						TestTargetID = DDBE22E11E0EED7D00C0497E;
					};
				};
			};
			buildConfigurationList = DDBE22DD1E0EED7D00C0497E /* Build configuration list for PBXProject "CoffeeAlum Gamma" */;
			compatibilityVersion = "Xcode 3.2";
			developmentRegion = English;
			hasScannedForEncodings = 0;
			knownRegions = (
				en,
				Base,
				es,
			);
			mainGroup = DDBE22D91E0EED7D00C0497E;
			productRefGroup = DDBE22E31E0EED7D00C0497E /* Products */;
			projectDirPath = "";
			projectRoot = "";
			targets = (
				DDBE22E11E0EED7D00C0497E /* CoffeeAlum Gamma */,
				DDBE22F81E0EED7E00C0497E /* CoffeeAlum GammaTests */,
			);
		};
/* End PBXProject section */

/* Begin PBXResourcesBuildPhase section */
		DDBE22E01E0EED7D00C0497E /* Resources */ = {
			isa = PBXResourcesBuildPhase;
			buildActionMask = 2147483647;
			files = (
				DD6251E51E4BBCFA001E6FFC /* Entry.storyboard in Resources */,
				DDBE22F31E0EED7D00C0497E /* LaunchScreen.storyboard in Resources */,
				DD6251EA1E4BC304001E6FFC /* PersonalProfileTableViewCell.xib in Resources */,
				DDBE26BB1E11F14D00C0497E /* GoogleService-Info.plist in Resources */,
				DD6251DC1E4B709C001E6FFC /* TagCollectionViewCell.xib in Resources */,
				DD6251E71E4BBD2C001E6FFC /* Search.storyboard in Resources */,
				DDBE22F01E0EED7D00C0497E /* Assets.xcassets in Resources */,
				DDBE22EB1E0EED7D00C0497E /* Main.storyboard in Resources */,
			);
			runOnlyForDeploymentPostprocessing = 0;
		};
		DDBE22F71E0EED7E00C0497E /* Resources */ = {
			isa = PBXResourcesBuildPhase;
			buildActionMask = 2147483647;
			files = (
			);
			runOnlyForDeploymentPostprocessing = 0;
		};
/* End PBXResourcesBuildPhase section */

/* Begin PBXShellScriptBuildPhase section */
		16BD9651C61C0150BE88EAED /* [CP] Check Pods Manifest.lock */ = {
			isa = PBXShellScriptBuildPhase;
			buildActionMask = 2147483647;
			files = (
			);
			inputPaths = (
			);
			name = "[CP] Check Pods Manifest.lock";
			outputPaths = (
			);
			runOnlyForDeploymentPostprocessing = 0;
			shellPath = /bin/sh;
			shellScript = "diff \"${PODS_PODFILE_DIR_PATH}/Podfile.lock\" \"${PODS_ROOT}/Manifest.lock\" > /dev/null\nif [ $? != 0 ] ; then\n    # print error to STDERR\n    echo \"error: The sandbox is not in sync with the Podfile.lock. Run 'pod install' or update your CocoaPods installation.\" >&2\n    exit 1\nfi\n";
			showEnvVarsInLog = 0;
		};
		4A060DDA380DF8903DB636B6 /* [CP] Embed Pods Frameworks */ = {
			isa = PBXShellScriptBuildPhase;
			buildActionMask = 2147483647;
			files = (
			);
			inputPaths = (
			);
			name = "[CP] Embed Pods Frameworks";
			outputPaths = (
			);
			runOnlyForDeploymentPostprocessing = 0;
			shellPath = /bin/sh;
			shellScript = "\"${SRCROOT}/Pods/Target Support Files/Pods-CoffeeAlum GammaTests/Pods-CoffeeAlum GammaTests-frameworks.sh\"\n";
			showEnvVarsInLog = 0;
		};
		96A56BA2094581B2C8FB95A8 /* [CP] Embed Pods Frameworks */ = {
			isa = PBXShellScriptBuildPhase;
			buildActionMask = 2147483647;
			files = (
			);
			inputPaths = (
			);
			name = "[CP] Embed Pods Frameworks";
			outputPaths = (
			);
			runOnlyForDeploymentPostprocessing = 0;
			shellPath = /bin/sh;
			shellScript = "\"${SRCROOT}/Pods/Target Support Files/Pods-CoffeeAlum Gamma/Pods-CoffeeAlum Gamma-frameworks.sh\"\n";
			showEnvVarsInLog = 0;
		};
		98557C44F69F2BE64714DBEE /* [CP] Copy Pods Resources */ = {
			isa = PBXShellScriptBuildPhase;
			buildActionMask = 2147483647;
			files = (
			);
			inputPaths = (
			);
			name = "[CP] Copy Pods Resources";
			outputPaths = (
			);
			runOnlyForDeploymentPostprocessing = 0;
			shellPath = /bin/sh;
			shellScript = "\"${SRCROOT}/Pods/Target Support Files/Pods-CoffeeAlum GammaTests/Pods-CoffeeAlum GammaTests-resources.sh\"\n";
			showEnvVarsInLog = 0;
		};
		AE67617F513BE85528B2E69D /* [CP] Check Pods Manifest.lock */ = {
			isa = PBXShellScriptBuildPhase;
			buildActionMask = 2147483647;
			files = (
			);
			inputPaths = (
			);
			name = "[CP] Check Pods Manifest.lock";
			outputPaths = (
			);
			runOnlyForDeploymentPostprocessing = 0;
			shellPath = /bin/sh;
			shellScript = "diff \"${PODS_PODFILE_DIR_PATH}/Podfile.lock\" \"${PODS_ROOT}/Manifest.lock\" > /dev/null\nif [ $? != 0 ] ; then\n    # print error to STDERR\n    echo \"error: The sandbox is not in sync with the Podfile.lock. Run 'pod install' or update your CocoaPods installation.\" >&2\n    exit 1\nfi\n";
			showEnvVarsInLog = 0;
		};
		E6E23842FAACED632DD63B95 /* [CP] Copy Pods Resources */ = {
			isa = PBXShellScriptBuildPhase;
			buildActionMask = 2147483647;
			files = (
			);
			inputPaths = (
			);
			name = "[CP] Copy Pods Resources";
			outputPaths = (
			);
			runOnlyForDeploymentPostprocessing = 0;
			shellPath = /bin/sh;
			shellScript = "\"${SRCROOT}/Pods/Target Support Files/Pods-CoffeeAlum Gamma/Pods-CoffeeAlum Gamma-resources.sh\"\n";
			showEnvVarsInLog = 0;
		};
/* End PBXShellScriptBuildPhase section */

/* Begin PBXSourcesBuildPhase section */
		DDBE22DE1E0EED7D00C0497E /* Sources */ = {
			isa = PBXSourcesBuildPhase;
			buildActionMask = 2147483647;
			files = (
				DDDDBB571E2D278B0084D5A5 /* SearchVC+ProfilePopover.swift in Sources */,
				DDF46F411ED7272B00CD10E4 /* UIButton + SidebarMenuPan.swift in Sources */,
				DD6251DE1E4B9C6A001E6FFC /* AccountType.swift in Sources */,
				DD361B881E51706700C5979F /* LocationManager.swift in Sources */,
				DD2328591ECEFB6C001E2419 /* APIClient.swift in Sources */,
				DD43A7D61E16CE46005C31A7 /* SidebarMenuVC.swift in Sources */,
				DDEC13311E19FEC8002C7CCF /* UIView + Shadow.swift in Sources */,
				DDDDBB5C1E2D52CD0084D5A5 /* ProfileGlimpseVC+Popover.swift in Sources */,
				DD35937D1E5755D4003A57CF /* InvitationVCMapView.swift in Sources */,
				DD361B861E4F5F5E00C5979F /* LocationSearchTableVC+TableView.swift in Sources */,
				DD43A7D11E15BCFE005C31A7 /* SWRevealViewController.m in Sources */,
				DD6917D41EEC26E200426A90 /* CoffeeMeetupsVCCollectionView.swift in Sources */,
				DDBE22E81E0EED7D00C0497E /* SignUpVC.swift in Sources */,
				DDEC132F1E19E13C002C7CCF /* PersonalProfileVC.swift in Sources */,
				DD12E0EE1E2456C2006A2663 /* SearchVC+CustomPopover.swift in Sources */,
				BD39AF5F1E300B44000E3E4C /* LocationSearchTableVC.swift in Sources */,
				DD1BB1771EDD5998004F881F /* UIImageView + Circularize.swift in Sources */,
				DDBE23111E0F5DB600C0497E /* CustomBezierView.swift in Sources */,
				DD6251F31E4D913F001E6FFC /* InvitePopoverVC+MapView.swift in Sources */,
				DDBE230F1E0F546200C0497E /* CustomLabel.swift in Sources */,
				DD4C87841ED3EAE900C90856 /* Invitation.swift in Sources */,
				DDBE22EE1E0EED7D00C0497E /* CoffeeAlum_Gamma.xcdatamodeld in Sources */,
				DD6917CB1EEBD25400426A90 /* SignInVCMainView.swift in Sources */,
				DDBE23151E0F6B7600C0497E /* CustomButton.swift in Sources */,
				DDBE23171E1059D100C0497E /* SignInVC.swift in Sources */,
				DD6251EC1E4BC403001E6FFC /* PersonalProfileTableViewCell.swift in Sources */,
				DD12E0FF1E25B174006A2663 /* ProfileGlimpseVC+CollectionView.swift in Sources */,
				DD6917D21EEC260B00426A90 /* CoffeeMeetupsVCMainView.swift in Sources */,
				DD12E0FD1E25A561006A2663 /* User.swift in Sources */,
				DD12E0F51E25963C006A2663 /* ProfileGlimpseCell.swift in Sources */,
				DD12E0E11E244FED006A2663 /* SearchVC+CollectionView.swift in Sources */,
				DDEC13251E198B94002C7CCF /* StickyCollectionViewFlowLayout.swift in Sources */,
				DD12E0EC1E245531006A2663 /* MessageCollectionViewCell.swift in Sources */,
				DDDDBB5A1E2D3AC70084D5A5 /* InvitationVC.swift in Sources */,
				DD12E0E41E24501D006A2663 /* UIViewController + SidebarMenuPan.swift in Sources */,
				DD6917D61EEE9EBA00426A90 /* Constants.swift in Sources */,
				DDEC13291E199AB6002C7CCF /* UIView + CornerRadius.swift in Sources */,
				DD12E0F01E245D37006A2663 /* SearchVC+SearchBar.swift in Sources */,
				DDC6CB451EE65046000C51BB /* SignUpVCMainView.swift in Sources */,
				DD43A80C1E17AD65005C31A7 /* SearchVC.swift in Sources */,
				DD6251EE1E4C2C88001E6FFC /* PersonalProfileVC+TableView.swift in Sources */,
				DDDDBB551E2C98050084D5A5 /* InvitePopoverVC.swift in Sources */,
				BD471DFF1E2D7DAF002CB142 /* Helper.swift in Sources */,
				DDEC13271E198E5B002C7CCF /* CoffeeMeetupCollectionViewCell.swift in Sources */,
				DD12E1011E25B316006A2663 /* TagCollectionViewCell.swift in Sources */,
				DD6917CD1EEBE45E00426A90 /* InvitationVCMainView.swift in Sources */,
				DD12E0F31E2595D9006A2663 /* ProfileGlimpseVC+TableView.swift in Sources */,
				DD43A80E1E181750005C31A7 /* SearchCollectionViewCell.swift in Sources */,
				DD0B095A1EF2AC1D0019FE93 /* SearchVCMainView.swift in Sources */,
				DDDDBB5F1E2D573B0084D5A5 /* CoffeeMeetupsVC+Popover.swift in Sources */,
				DDBE23091E0F107B00C0497E /* CustomGradientView.swift in Sources */,
				DD6917CF1EEBE58100426A90 /* SidebarMenuVCMainView.swift in Sources */,
				DDBE22E61E0EED7D00C0497E /* AppDelegate.swift in Sources */,
				DD12E0FB1E25A55A006A2663 /* Coffee.swift in Sources */,
				DD6251F01E4C2D56001E6FFC /* PersonalProfileVC+ImagePicker.swift in Sources */,
				DDBE23131E0F67F100C0497E /* CustomBezierTextField.swift in Sources */,
				DDBE26B81E11DF0800C0497E /* CoffeeMeetupsVC.swift in Sources */,
				DD12E0E71E245064006A2663 /* ProfileGlimpseVC.swift in Sources */,
				DD43A7D81E16D3CB005C31A7 /* AdaptiveKeyboard.swift in Sources */,
				DD6251F51E4D9191001E6FFC /* InvitePopoverVC+Location.swift in Sources */,
			);
			runOnlyForDeploymentPostprocessing = 0;
		};
		DDBE22F51E0EED7E00C0497E /* Sources */ = {
			isa = PBXSourcesBuildPhase;
			buildActionMask = 2147483647;
			files = (
				DD6251E01E4BA96E001E6FFC /* FirebaseVCUnitTest.swift in Sources */,
			);
			runOnlyForDeploymentPostprocessing = 0;
		};
/* End PBXSourcesBuildPhase section */

/* Begin PBXTargetDependency section */
		DDBE22FB1E0EED7E00C0497E /* PBXTargetDependency */ = {
			isa = PBXTargetDependency;
			target = DDBE22E11E0EED7D00C0497E /* CoffeeAlum Gamma */;
			targetProxy = DDBE22FA1E0EED7E00C0497E /* PBXContainerItemProxy */;
		};
/* End PBXTargetDependency section */

/* Begin PBXVariantGroup section */
		DD6251E31E4BBCFA001E6FFC /* Entry.storyboard */ = {
			isa = PBXVariantGroup;
			children = (
				DD6251E41E4BBCFA001E6FFC /* Base */,
			);
			name = Entry.storyboard;
			sourceTree = "<group>";
		};
		DDBE22E91E0EED7D00C0497E /* Main.storyboard */ = {
			isa = PBXVariantGroup;
			children = (
				DDBE22EA1E0EED7D00C0497E /* Base */,
			);
			name = Main.storyboard;
			sourceTree = "<group>";
		};
		DDBE22F11E0EED7D00C0497E /* LaunchScreen.storyboard */ = {
			isa = PBXVariantGroup;
			children = (
				DDBE22F21E0EED7D00C0497E /* Base */,
			);
			name = LaunchScreen.storyboard;
			sourceTree = "<group>";
		};
/* End PBXVariantGroup section */

/* Begin XCBuildConfiguration section */
		DDBE23001E0EED7E00C0497E /* Debug */ = {
			isa = XCBuildConfiguration;
			buildSettings = {
				ALWAYS_SEARCH_USER_PATHS = NO;
				CLANG_ANALYZER_LOCALIZABILITY_NONLOCALIZED = YES;
				CLANG_ANALYZER_NONNULL = YES;
				CLANG_CXX_LANGUAGE_STANDARD = "gnu++0x";
				CLANG_CXX_LIBRARY = "libc++";
				CLANG_ENABLE_MODULES = YES;
				CLANG_ENABLE_OBJC_ARC = YES;
				CLANG_WARN_BOOL_CONVERSION = YES;
				CLANG_WARN_CONSTANT_CONVERSION = YES;
				CLANG_WARN_DIRECT_OBJC_ISA_USAGE = YES_ERROR;
				CLANG_WARN_DOCUMENTATION_COMMENTS = YES;
				CLANG_WARN_EMPTY_BODY = YES;
				CLANG_WARN_ENUM_CONVERSION = YES;
				CLANG_WARN_INFINITE_RECURSION = YES;
				CLANG_WARN_INT_CONVERSION = YES;
				CLANG_WARN_OBJC_ROOT_CLASS = YES_ERROR;
				CLANG_WARN_SUSPICIOUS_MOVE = YES;
				CLANG_WARN_UNREACHABLE_CODE = YES;
				CLANG_WARN__DUPLICATE_METHOD_MATCH = YES;
				"CODE_SIGN_IDENTITY[sdk=iphoneos*]" = "iPhone Developer";
				COPY_PHASE_STRIP = NO;
				DEBUG_INFORMATION_FORMAT = dwarf;
				ENABLE_STRICT_OBJC_MSGSEND = YES;
				ENABLE_TESTABILITY = YES;
				GCC_C_LANGUAGE_STANDARD = gnu99;
				GCC_DYNAMIC_NO_PIC = NO;
				GCC_NO_COMMON_BLOCKS = YES;
				GCC_OPTIMIZATION_LEVEL = 0;
				GCC_PREPROCESSOR_DEFINITIONS = (
					"DEBUG=1",
					"$(inherited)",
				);
				GCC_WARN_64_TO_32_BIT_CONVERSION = YES;
				GCC_WARN_ABOUT_RETURN_TYPE = YES_ERROR;
				GCC_WARN_UNDECLARED_SELECTOR = YES;
				GCC_WARN_UNINITIALIZED_AUTOS = YES_AGGRESSIVE;
				GCC_WARN_UNUSED_FUNCTION = YES;
				GCC_WARN_UNUSED_VARIABLE = YES;
				IPHONEOS_DEPLOYMENT_TARGET = 10.2;
				MTL_ENABLE_DEBUG_INFO = YES;
				ONLY_ACTIVE_ARCH = YES;
				SDKROOT = iphoneos;
				SWIFT_ACTIVE_COMPILATION_CONDITIONS = DEBUG;
				SWIFT_OPTIMIZATION_LEVEL = "-Onone";
			};
			name = Debug;
		};
		DDBE23011E0EED7E00C0497E /* Release */ = {
			isa = XCBuildConfiguration;
			buildSettings = {
				ALWAYS_SEARCH_USER_PATHS = NO;
				CLANG_ANALYZER_LOCALIZABILITY_NONLOCALIZED = YES;
				CLANG_ANALYZER_NONNULL = YES;
				CLANG_CXX_LANGUAGE_STANDARD = "gnu++0x";
				CLANG_CXX_LIBRARY = "libc++";
				CLANG_ENABLE_MODULES = YES;
				CLANG_ENABLE_OBJC_ARC = YES;
				CLANG_WARN_BOOL_CONVERSION = YES;
				CLANG_WARN_CONSTANT_CONVERSION = YES;
				CLANG_WARN_DIRECT_OBJC_ISA_USAGE = YES_ERROR;
				CLANG_WARN_DOCUMENTATION_COMMENTS = YES;
				CLANG_WARN_EMPTY_BODY = YES;
				CLANG_WARN_ENUM_CONVERSION = YES;
				CLANG_WARN_INFINITE_RECURSION = YES;
				CLANG_WARN_INT_CONVERSION = YES;
				CLANG_WARN_OBJC_ROOT_CLASS = YES_ERROR;
				CLANG_WARN_SUSPICIOUS_MOVE = YES;
				CLANG_WARN_UNREACHABLE_CODE = YES;
				CLANG_WARN__DUPLICATE_METHOD_MATCH = YES;
				"CODE_SIGN_IDENTITY[sdk=iphoneos*]" = "iPhone Developer";
				COPY_PHASE_STRIP = NO;
				DEBUG_INFORMATION_FORMAT = "dwarf-with-dsym";
				ENABLE_NS_ASSERTIONS = NO;
				ENABLE_STRICT_OBJC_MSGSEND = YES;
				GCC_C_LANGUAGE_STANDARD = gnu99;
				GCC_NO_COMMON_BLOCKS = YES;
				GCC_WARN_64_TO_32_BIT_CONVERSION = YES;
				GCC_WARN_ABOUT_RETURN_TYPE = YES_ERROR;
				GCC_WARN_UNDECLARED_SELECTOR = YES;
				GCC_WARN_UNINITIALIZED_AUTOS = YES_AGGRESSIVE;
				GCC_WARN_UNUSED_FUNCTION = YES;
				GCC_WARN_UNUSED_VARIABLE = YES;
				IPHONEOS_DEPLOYMENT_TARGET = 10.2;
				MTL_ENABLE_DEBUG_INFO = NO;
				SDKROOT = iphoneos;
				SWIFT_OPTIMIZATION_LEVEL = "-Owholemodule";
				VALIDATE_PRODUCT = YES;
			};
			name = Release;
		};
		DDBE23031E0EED7E00C0497E /* Debug */ = {
			isa = XCBuildConfiguration;
			baseConfigurationReference = 80E90CCCD65925F958FD146F /* Pods-CoffeeAlum Gamma.debug.xcconfig */;
			buildSettings = {
				ASSETCATALOG_COMPILER_APPICON_NAME = AppIcon;
				CLANG_ENABLE_MODULES = YES;
				CODE_SIGN_ENTITLEMENTS = "CoffeeAlum Gamma/CoffeeAlum Gamma.entitlements";
				"CODE_SIGN_IDENTITY[sdk=iphoneos*]" = "iPhone Developer";
				DEVELOPMENT_TEAM = 9ME882KZTA;
				INFOPLIST_FILE = "CoffeeAlum Gamma/Info.plist";
				IPHONEOS_DEPLOYMENT_TARGET = 10.2;
				LD_RUNPATH_SEARCH_PATHS = "$(inherited) @executable_path/Frameworks";
				PRODUCT_BUNDLE_IDENTIFIER = com.trevinwisaksana.CoffeeAlum;
				PRODUCT_NAME = "$(TARGET_NAME)";
				PROVISIONING_PROFILE_SPECIFIER = "";
				SWIFT_OBJC_BRIDGING_HEADER = "SWRevealViewController/CoffeeAlum Gamma-Bridging-Header.h";
				SWIFT_OPTIMIZATION_LEVEL = "-Onone";
				SWIFT_VERSION = 3.0;
				TARGETED_DEVICE_FAMILY = 1;
			};
			name = Debug;
		};
		DDBE23041E0EED7E00C0497E /* Release */ = {
			isa = XCBuildConfiguration;
			baseConfigurationReference = 20DF2C435C1DFE4AC2063FA2 /* Pods-CoffeeAlum Gamma.release.xcconfig */;
			buildSettings = {
				ASSETCATALOG_COMPILER_APPICON_NAME = AppIcon;
				CLANG_ENABLE_MODULES = YES;
				CODE_SIGN_ENTITLEMENTS = "CoffeeAlum Gamma/CoffeeAlum Gamma.entitlements";
				"CODE_SIGN_IDENTITY[sdk=iphoneos*]" = "iPhone Developer";
				DEVELOPMENT_TEAM = 9ME882KZTA;
				INFOPLIST_FILE = "CoffeeAlum Gamma/Info.plist";
				IPHONEOS_DEPLOYMENT_TARGET = 10.2;
				LD_RUNPATH_SEARCH_PATHS = "$(inherited) @executable_path/Frameworks";
				PRODUCT_BUNDLE_IDENTIFIER = com.trevinwisaksana.CoffeeAlum;
				PRODUCT_NAME = "$(TARGET_NAME)";
				PROVISIONING_PROFILE_SPECIFIER = "";
				SWIFT_OBJC_BRIDGING_HEADER = "SWRevealViewController/CoffeeAlum Gamma-Bridging-Header.h";
				SWIFT_VERSION = 3.0;
				TARGETED_DEVICE_FAMILY = 1;
			};
			name = Release;
		};
		DDBE23061E0EED7E00C0497E /* Debug */ = {
			isa = XCBuildConfiguration;
			baseConfigurationReference = B654CA1E66AC82A463466682 /* Pods-CoffeeAlum GammaTests.debug.xcconfig */;
			buildSettings = {
				ALWAYS_EMBED_SWIFT_STANDARD_LIBRARIES = YES;
				BUNDLE_LOADER = "$(TEST_HOST)";
				DEVELOPMENT_TEAM = 9ME882KZTA;
				INFOPLIST_FILE = "CoffeeAlum GammaTests/Info.plist";
				LD_RUNPATH_SEARCH_PATHS = "$(inherited) @executable_path/Frameworks @loader_path/Frameworks";
				PRODUCT_BUNDLE_IDENTIFIER = "com.trevinwisaksana.CoffeeAlum-GammaTests";
				PRODUCT_NAME = "$(TARGET_NAME)";
				SWIFT_VERSION = 3.0;
				TEST_HOST = "$(BUILT_PRODUCTS_DIR)/CoffeeAlum Gamma.app/CoffeeAlum Gamma";
			};
			name = Debug;
		};
		DDBE23071E0EED7E00C0497E /* Release */ = {
			isa = XCBuildConfiguration;
			baseConfigurationReference = 6F68E437F4B04C82B8A51E96 /* Pods-CoffeeAlum GammaTests.release.xcconfig */;
			buildSettings = {
				ALWAYS_EMBED_SWIFT_STANDARD_LIBRARIES = YES;
				BUNDLE_LOADER = "$(TEST_HOST)";
				DEVELOPMENT_TEAM = 9ME882KZTA;
				INFOPLIST_FILE = "CoffeeAlum GammaTests/Info.plist";
				LD_RUNPATH_SEARCH_PATHS = "$(inherited) @executable_path/Frameworks @loader_path/Frameworks";
				PRODUCT_BUNDLE_IDENTIFIER = "com.trevinwisaksana.CoffeeAlum-GammaTests";
				PRODUCT_NAME = "$(TARGET_NAME)";
				SWIFT_VERSION = 3.0;
				TEST_HOST = "$(BUILT_PRODUCTS_DIR)/CoffeeAlum Gamma.app/CoffeeAlum Gamma";
			};
			name = Release;
		};
/* End XCBuildConfiguration section */

/* Begin XCConfigurationList section */
		DDBE22DD1E0EED7D00C0497E /* Build configuration list for PBXProject "CoffeeAlum Gamma" */ = {
			isa = XCConfigurationList;
			buildConfigurations = (
				DDBE23001E0EED7E00C0497E /* Debug */,
				DDBE23011E0EED7E00C0497E /* Release */,
			);
			defaultConfigurationIsVisible = 0;
			defaultConfigurationName = Release;
		};
		DDBE23021E0EED7E00C0497E /* Build configuration list for PBXNativeTarget "CoffeeAlum Gamma" */ = {
			isa = XCConfigurationList;
			buildConfigurations = (
				DDBE23031E0EED7E00C0497E /* Debug */,
				DDBE23041E0EED7E00C0497E /* Release */,
			);
			defaultConfigurationIsVisible = 0;
			defaultConfigurationName = Release;
		};
		DDBE23051E0EED7E00C0497E /* Build configuration list for PBXNativeTarget "CoffeeAlum GammaTests" */ = {
			isa = XCConfigurationList;
			buildConfigurations = (
				DDBE23061E0EED7E00C0497E /* Debug */,
				DDBE23071E0EED7E00C0497E /* Release */,
			);
			defaultConfigurationIsVisible = 0;
			defaultConfigurationName = Release;
		};
/* End XCConfigurationList section */

/* Begin XCVersionGroup section */
		DDBE22EC1E0EED7D00C0497E /* CoffeeAlum_Gamma.xcdatamodeld */ = {
			isa = XCVersionGroup;
			children = (
				DDBE22ED1E0EED7D00C0497E /* CoffeeAlum_Gamma.xcdatamodel */,
			);
			currentVersion = DDBE22ED1E0EED7D00C0497E /* CoffeeAlum_Gamma.xcdatamodel */;
			path = CoffeeAlum_Gamma.xcdatamodeld;
			sourceTree = "<group>";
			versionGroupType = wrapper.xcdatamodel;
		};
/* End XCVersionGroup section */
	};
	rootObject = DDBE22DA1E0EED7D00C0497E /* Project object */;
}
