// !$*UTF8*$!
{
	archiveVersion = 1;
	classes = {
	};
	objectVersion = 46;
	objects = {

/* Begin PBXBuildFile section */
		2ABCFF63F50CD3CB1F326EEC /* Pods_CoffeeAlum_Gamma.framework in Frameworks */ = {isa = PBXBuildFile; fileRef = 18CE17F3A92A641C2D43E3FC /* Pods_CoffeeAlum_Gamma.framework */; };
		854D9B54B95FE78467EEDE55 /* Pods_CoffeeAlum_GammaTests.framework in Frameworks */ = {isa = PBXBuildFile; fileRef = 3744DE10DE3C1E0FCA74F1BB /* Pods_CoffeeAlum_GammaTests.framework */; };
		BD471DFF1E2D7DAF002CB142 /* Helper.swift in Sources */ = {isa = PBXBuildFile; fileRef = BD471DFE1E2D7DAF002CB142 /* Helper.swift */; };
		DD12E0E11E244FED006A2663 /* SearchViewController + CollectionView.swift in Sources */ = {isa = PBXBuildFile; fileRef = DD12E0DF1E244FED006A2663 /* SearchViewController + CollectionView.swift */; };
		DD12E0E41E24501D006A2663 /* UIViewController + SidebarMenuPan.swift in Sources */ = {isa = PBXBuildFile; fileRef = DD12E0E31E24501D006A2663 /* UIViewController + SidebarMenuPan.swift */; };
		DD12E0E71E245064006A2663 /* ProfileGlimpseViewController.swift in Sources */ = {isa = PBXBuildFile; fileRef = DD12E0E61E245064006A2663 /* ProfileGlimpseViewController.swift */; };
		DD12E0EA1E245504006A2663 /* MessagesViewController.swift in Sources */ = {isa = PBXBuildFile; fileRef = DD12E0E91E245504006A2663 /* MessagesViewController.swift */; };
		DD12E0EC1E245531006A2663 /* MessageCollectionViewCell.swift in Sources */ = {isa = PBXBuildFile; fileRef = DD12E0EB1E245531006A2663 /* MessageCollectionViewCell.swift */; };
		DD12E0EE1E2456C2006A2663 /* SearchViewController + CustomPopover.swift in Sources */ = {isa = PBXBuildFile; fileRef = DD12E0ED1E2456C2006A2663 /* SearchViewController + CustomPopover.swift */; };
		DD12E0F01E245D37006A2663 /* SearchViewController + SearchBar.swift in Sources */ = {isa = PBXBuildFile; fileRef = DD12E0EF1E245D37006A2663 /* SearchViewController + SearchBar.swift */; };
		DD12E0F31E2595D9006A2663 /* ProfileGlimpseViewController + TableView.swift in Sources */ = {isa = PBXBuildFile; fileRef = DD12E0F21E2595D9006A2663 /* ProfileGlimpseViewController + TableView.swift */; };
		DD12E0F51E25963C006A2663 /* ProfileGlimpseCell.swift in Sources */ = {isa = PBXBuildFile; fileRef = DD12E0F41E25963C006A2663 /* ProfileGlimpseCell.swift */; };
		DD12E0FB1E25A55A006A2663 /* Coffee.swift in Sources */ = {isa = PBXBuildFile; fileRef = DD12E0FA1E25A55A006A2663 /* Coffee.swift */; };
		DD12E0FD1E25A561006A2663 /* User.swift in Sources */ = {isa = PBXBuildFile; fileRef = DD12E0FC1E25A561006A2663 /* User.swift */; };
		DD12E0FF1E25B174006A2663 /* ProfileGlimpseViewController + CollectionView.swift in Sources */ = {isa = PBXBuildFile; fileRef = DD12E0FE1E25B174006A2663 /* ProfileGlimpseViewController + CollectionView.swift */; };
		DD12E1011E25B316006A2663 /* TagCollectionViewCell.swift in Sources */ = {isa = PBXBuildFile; fileRef = DD12E1001E25B316006A2663 /* TagCollectionViewCell.swift */; };
		DD43A7D11E15BCFE005C31A7 /* SWRevealViewController.m in Sources */ = {isa = PBXBuildFile; fileRef = DD43A7D01E15BCFE005C31A7 /* SWRevealViewController.m */; };
		DD43A7D61E16CE46005C31A7 /* SidebarMenuViewController.swift in Sources */ = {isa = PBXBuildFile; fileRef = DD43A7D51E16CE46005C31A7 /* SidebarMenuViewController.swift */; };
		DD43A7D81E16D3CB005C31A7 /* AdaptiveKeyboard.swift in Sources */ = {isa = PBXBuildFile; fileRef = DD43A7D71E16D3CB005C31A7 /* AdaptiveKeyboard.swift */; };
		DD43A80C1E17AD65005C31A7 /* SearchViewController.swift in Sources */ = {isa = PBXBuildFile; fileRef = DD43A80B1E17AD65005C31A7 /* SearchViewController.swift */; };
		DD43A80E1E181750005C31A7 /* SearchCollectionViewCell.swift in Sources */ = {isa = PBXBuildFile; fileRef = DD43A80D1E181750005C31A7 /* SearchCollectionViewCell.swift */; };
		DD43A8101E1817AF005C31A7 /* BannerDataModel.swift in Sources */ = {isa = PBXBuildFile; fileRef = DD43A80F1E1817AF005C31A7 /* BannerDataModel.swift */; };
		DDBE22E61E0EED7D00C0497E /* AppDelegate.swift in Sources */ = {isa = PBXBuildFile; fileRef = DDBE22E51E0EED7D00C0497E /* AppDelegate.swift */; };
		DDBE22E81E0EED7D00C0497E /* SignUpViewController.swift in Sources */ = {isa = PBXBuildFile; fileRef = DDBE22E71E0EED7D00C0497E /* SignUpViewController.swift */; };
		DDBE22EB1E0EED7D00C0497E /* Main.storyboard in Resources */ = {isa = PBXBuildFile; fileRef = DDBE22E91E0EED7D00C0497E /* Main.storyboard */; };
		DDBE22EE1E0EED7D00C0497E /* CoffeeAlum_Gamma.xcdatamodeld in Sources */ = {isa = PBXBuildFile; fileRef = DDBE22EC1E0EED7D00C0497E /* CoffeeAlum_Gamma.xcdatamodeld */; };
		DDBE22F01E0EED7D00C0497E /* Assets.xcassets in Resources */ = {isa = PBXBuildFile; fileRef = DDBE22EF1E0EED7D00C0497E /* Assets.xcassets */; };
		DDBE22F31E0EED7D00C0497E /* LaunchScreen.storyboard in Resources */ = {isa = PBXBuildFile; fileRef = DDBE22F11E0EED7D00C0497E /* LaunchScreen.storyboard */; };
		DDBE22FE1E0EED7E00C0497E /* CoffeeAlum_GammaTests.swift in Sources */ = {isa = PBXBuildFile; fileRef = DDBE22FD1E0EED7E00C0497E /* CoffeeAlum_GammaTests.swift */; };
		DDBE23091E0F107B00C0497E /* CustomGradientView.swift in Sources */ = {isa = PBXBuildFile; fileRef = DDBE23081E0F107B00C0497E /* CustomGradientView.swift */; };
		DDBE230F1E0F546200C0497E /* CustomLabel.swift in Sources */ = {isa = PBXBuildFile; fileRef = DDBE230E1E0F546200C0497E /* CustomLabel.swift */; };
		DDBE23111E0F5DB600C0497E /* CustomBezierView.swift in Sources */ = {isa = PBXBuildFile; fileRef = DDBE23101E0F5DB600C0497E /* CustomBezierView.swift */; };
		DDBE23131E0F67F100C0497E /* CustomBezierTextField.swift in Sources */ = {isa = PBXBuildFile; fileRef = DDBE23121E0F67F100C0497E /* CustomBezierTextField.swift */; };
		DDBE23151E0F6B7600C0497E /* CustomButton.swift in Sources */ = {isa = PBXBuildFile; fileRef = DDBE23141E0F6B7600C0497E /* CustomButton.swift */; };
		DDBE23171E1059D100C0497E /* SignInViewController.swift in Sources */ = {isa = PBXBuildFile; fileRef = DDBE23161E1059D100C0497E /* SignInViewController.swift */; };
		DDBE26B81E11DF0800C0497E /* CoffeeMeetupsViewController.swift in Sources */ = {isa = PBXBuildFile; fileRef = DDBE26B71E11DF0800C0497E /* CoffeeMeetupsViewController.swift */; };
		DDBE26BB1E11F14D00C0497E /* GoogleService-Info.plist in Resources */ = {isa = PBXBuildFile; fileRef = DDBE26BA1E11F14D00C0497E /* GoogleService-Info.plist */; };
		DDDDBB551E2C98050084D5A5 /* InvitePopoverViewController.swift in Sources */ = {isa = PBXBuildFile; fileRef = DDDDBB541E2C98050084D5A5 /* InvitePopoverViewController.swift */; };
		DDDDBB571E2D278B0084D5A5 /* SearchViewController + ProfilePopover.swift in Sources */ = {isa = PBXBuildFile; fileRef = DDDDBB561E2D278B0084D5A5 /* SearchViewController + ProfilePopover.swift */; };
		DDDDBB5A1E2D3AC70084D5A5 /* InvitationViewController.swift in Sources */ = {isa = PBXBuildFile; fileRef = DDDDBB591E2D3AC70084D5A5 /* InvitationViewController.swift */; };
		DDDDBB5C1E2D52CD0084D5A5 /* ProfileGlimpseViewController + Popover.swift in Sources */ = {isa = PBXBuildFile; fileRef = DDDDBB5B1E2D52CD0084D5A5 /* ProfileGlimpseViewController + Popover.swift */; };
		DDDDBB5F1E2D573B0084D5A5 /* CoffeeMeetupsViewController + Popover.swift in Sources */ = {isa = PBXBuildFile; fileRef = DDDDBB5E1E2D573B0084D5A5 /* CoffeeMeetupsViewController + Popover.swift */; };
		DDDDBB611E2D582C0084D5A5 /* CoffeeMeetupsViewController + CollectionView.swift in Sources */ = {isa = PBXBuildFile; fileRef = DDDDBB601E2D582C0084D5A5 /* CoffeeMeetupsViewController + CollectionView.swift */; };
		DDEC13251E198B94002C7CCF /* StickyCollectionViewFlowLayout.swift in Sources */ = {isa = PBXBuildFile; fileRef = DDEC13241E198B94002C7CCF /* StickyCollectionViewFlowLayout.swift */; };
		DDEC13271E198E5B002C7CCF /* CoffeeMeetupCollectionViewCell.swift in Sources */ = {isa = PBXBuildFile; fileRef = DDEC13261E198E5B002C7CCF /* CoffeeMeetupCollectionViewCell.swift */; };
		DDEC13291E199AB6002C7CCF /* UIView + CornerRadius.swift in Sources */ = {isa = PBXBuildFile; fileRef = DDEC13281E199AB6002C7CCF /* UIView + CornerRadius.swift */; };
		DDEC132F1E19E13C002C7CCF /* PersonalProfileViewController.swift in Sources */ = {isa = PBXBuildFile; fileRef = DDEC132E1E19E13C002C7CCF /* PersonalProfileViewController.swift */; };
		DDEC13311E19FEC8002C7CCF /* UIView + Shadow.swift in Sources */ = {isa = PBXBuildFile; fileRef = DDEC13301E19FEC8002C7CCF /* UIView + Shadow.swift */; };
/* End PBXBuildFile section */

/* Begin PBXContainerItemProxy section */
		DDBE22FA1E0EED7E00C0497E /* PBXContainerItemProxy */ = {
			isa = PBXContainerItemProxy;
			containerPortal = DDBE22DA1E0EED7D00C0497E /* Project object */;
			proxyType = 1;
			remoteGlobalIDString = DDBE22E11E0EED7D00C0497E;
			remoteInfo = "CoffeeAlum Gamma";
		};
/* End PBXContainerItemProxy section */

/* Begin PBXFileReference section */
		18CE17F3A92A641C2D43E3FC /* Pods_CoffeeAlum_Gamma.framework */ = {isa = PBXFileReference; explicitFileType = wrapper.framework; includeInIndex = 0; path = Pods_CoffeeAlum_Gamma.framework; sourceTree = BUILT_PRODUCTS_DIR; };
		1C4DA1C9C2D4067E16B5CBA0 /* Pods-CoffeeAlum GammaTests.release.xcconfig */ = {isa = PBXFileReference; includeInIndex = 1; lastKnownFileType = text.xcconfig; name = "Pods-CoffeeAlum GammaTests.release.xcconfig"; path = "Pods/Target Support Files/Pods-CoffeeAlum GammaTests/Pods-CoffeeAlum GammaTests.release.xcconfig"; sourceTree = "<group>"; };
		3744DE10DE3C1E0FCA74F1BB /* Pods_CoffeeAlum_GammaTests.framework */ = {isa = PBXFileReference; explicitFileType = wrapper.framework; includeInIndex = 0; path = Pods_CoffeeAlum_GammaTests.framework; sourceTree = BUILT_PRODUCTS_DIR; };
		67D9E1BB9AF380D07EF0F957 /* Pods-CoffeeAlum Gamma.debug.xcconfig */ = {isa = PBXFileReference; includeInIndex = 1; lastKnownFileType = text.xcconfig; name = "Pods-CoffeeAlum Gamma.debug.xcconfig"; path = "Pods/Target Support Files/Pods-CoffeeAlum Gamma/Pods-CoffeeAlum Gamma.debug.xcconfig"; sourceTree = "<group>"; };
		6809F7CA622D05815B54528B /* Pods-CoffeeAlum GammaTests.debug.xcconfig */ = {isa = PBXFileReference; includeInIndex = 1; lastKnownFileType = text.xcconfig; name = "Pods-CoffeeAlum GammaTests.debug.xcconfig"; path = "Pods/Target Support Files/Pods-CoffeeAlum GammaTests/Pods-CoffeeAlum GammaTests.debug.xcconfig"; sourceTree = "<group>"; };
		79DC63532945DE1EF1E07948 /* Pods-CoffeeAlum Gamma.release.xcconfig */ = {isa = PBXFileReference; includeInIndex = 1; lastKnownFileType = text.xcconfig; name = "Pods-CoffeeAlum Gamma.release.xcconfig"; path = "Pods/Target Support Files/Pods-CoffeeAlum Gamma/Pods-CoffeeAlum Gamma.release.xcconfig"; sourceTree = "<group>"; };
		BD471DFE1E2D7DAF002CB142 /* Helper.swift */ = {isa = PBXFileReference; fileEncoding = 4; lastKnownFileType = sourcecode.swift; path = Helper.swift; sourceTree = "<group>"; };
		DD12E0DF1E244FED006A2663 /* SearchViewController + CollectionView.swift */ = {isa = PBXFileReference; fileEncoding = 4; lastKnownFileType = sourcecode.swift; path = "SearchViewController + CollectionView.swift"; sourceTree = "<group>"; };
		DD12E0E31E24501D006A2663 /* UIViewController + SidebarMenuPan.swift */ = {isa = PBXFileReference; fileEncoding = 4; lastKnownFileType = sourcecode.swift; path = "UIViewController + SidebarMenuPan.swift"; sourceTree = "<group>"; };
		DD12E0E61E245064006A2663 /* ProfileGlimpseViewController.swift */ = {isa = PBXFileReference; fileEncoding = 4; lastKnownFileType = sourcecode.swift; path = ProfileGlimpseViewController.swift; sourceTree = "<group>"; };
		DD12E0E91E245504006A2663 /* MessagesViewController.swift */ = {isa = PBXFileReference; fileEncoding = 4; lastKnownFileType = sourcecode.swift; path = MessagesViewController.swift; sourceTree = "<group>"; };
		DD12E0EB1E245531006A2663 /* MessageCollectionViewCell.swift */ = {isa = PBXFileReference; fileEncoding = 4; lastKnownFileType = sourcecode.swift; path = MessageCollectionViewCell.swift; sourceTree = "<group>"; };
		DD12E0ED1E2456C2006A2663 /* SearchViewController + CustomPopover.swift */ = {isa = PBXFileReference; fileEncoding = 4; lastKnownFileType = sourcecode.swift; path = "SearchViewController + CustomPopover.swift"; sourceTree = "<group>"; };
		DD12E0EF1E245D37006A2663 /* SearchViewController + SearchBar.swift */ = {isa = PBXFileReference; fileEncoding = 4; lastKnownFileType = sourcecode.swift; path = "SearchViewController + SearchBar.swift"; sourceTree = "<group>"; };
		DD12E0F21E2595D9006A2663 /* ProfileGlimpseViewController + TableView.swift */ = {isa = PBXFileReference; fileEncoding = 4; lastKnownFileType = sourcecode.swift; path = "ProfileGlimpseViewController + TableView.swift"; sourceTree = "<group>"; };
		DD12E0F41E25963C006A2663 /* ProfileGlimpseCell.swift */ = {isa = PBXFileReference; fileEncoding = 4; lastKnownFileType = sourcecode.swift; path = ProfileGlimpseCell.swift; sourceTree = "<group>"; };
		DD12E0FA1E25A55A006A2663 /* Coffee.swift */ = {isa = PBXFileReference; fileEncoding = 4; lastKnownFileType = sourcecode.swift; path = Coffee.swift; sourceTree = "<group>"; };
		DD12E0FC1E25A561006A2663 /* User.swift */ = {isa = PBXFileReference; fileEncoding = 4; lastKnownFileType = sourcecode.swift; path = User.swift; sourceTree = "<group>"; };
		DD12E0FE1E25B174006A2663 /* ProfileGlimpseViewController + CollectionView.swift */ = {isa = PBXFileReference; fileEncoding = 4; lastKnownFileType = sourcecode.swift; path = "ProfileGlimpseViewController + CollectionView.swift"; sourceTree = "<group>"; };
		DD12E1001E25B316006A2663 /* TagCollectionViewCell.swift */ = {isa = PBXFileReference; fileEncoding = 4; lastKnownFileType = sourcecode.swift; path = TagCollectionViewCell.swift; sourceTree = "<group>"; };
		DD43A7CE1E15BCFD005C31A7 /* CoffeeAlum Gamma-Bridging-Header.h */ = {isa = PBXFileReference; lastKnownFileType = sourcecode.c.h; path = "CoffeeAlum Gamma-Bridging-Header.h"; sourceTree = "<group>"; };
		DD43A7CF1E15BCFE005C31A7 /* SWRevealViewController.h */ = {isa = PBXFileReference; fileEncoding = 4; lastKnownFileType = sourcecode.c.h; path = SWRevealViewController.h; sourceTree = "<group>"; };
		DD43A7D01E15BCFE005C31A7 /* SWRevealViewController.m */ = {isa = PBXFileReference; fileEncoding = 4; lastKnownFileType = sourcecode.c.objc; path = SWRevealViewController.m; sourceTree = "<group>"; };
		DD43A7D51E16CE46005C31A7 /* SidebarMenuViewController.swift */ = {isa = PBXFileReference; fileEncoding = 4; lastKnownFileType = sourcecode.swift; path = SidebarMenuViewController.swift; sourceTree = "<group>"; };
		DD43A7D71E16D3CB005C31A7 /* AdaptiveKeyboard.swift */ = {isa = PBXFileReference; fileEncoding = 4; lastKnownFileType = sourcecode.swift; path = AdaptiveKeyboard.swift; sourceTree = "<group>"; };
		DD43A80B1E17AD65005C31A7 /* SearchViewController.swift */ = {isa = PBXFileReference; fileEncoding = 4; lastKnownFileType = sourcecode.swift; path = SearchViewController.swift; sourceTree = "<group>"; };
		DD43A80D1E181750005C31A7 /* SearchCollectionViewCell.swift */ = {isa = PBXFileReference; fileEncoding = 4; lastKnownFileType = sourcecode.swift; path = SearchCollectionViewCell.swift; sourceTree = "<group>"; };
		DD43A80F1E1817AF005C31A7 /* BannerDataModel.swift */ = {isa = PBXFileReference; fileEncoding = 4; lastKnownFileType = sourcecode.swift; path = BannerDataModel.swift; sourceTree = "<group>"; };
		DDBE22E21E0EED7D00C0497E /* CoffeeAlum Gamma.app */ = {isa = PBXFileReference; explicitFileType = wrapper.application; includeInIndex = 0; path = "CoffeeAlum Gamma.app"; sourceTree = BUILT_PRODUCTS_DIR; };
		DDBE22E51E0EED7D00C0497E /* AppDelegate.swift */ = {isa = PBXFileReference; lastKnownFileType = sourcecode.swift; path = AppDelegate.swift; sourceTree = "<group>"; };
		DDBE22E71E0EED7D00C0497E /* SignUpViewController.swift */ = {isa = PBXFileReference; lastKnownFileType = sourcecode.swift; path = SignUpViewController.swift; sourceTree = "<group>"; };
		DDBE22EA1E0EED7D00C0497E /* Base */ = {isa = PBXFileReference; lastKnownFileType = file.storyboard; name = Base; path = Base.lproj/Main.storyboard; sourceTree = "<group>"; };
		DDBE22ED1E0EED7D00C0497E /* CoffeeAlum_Gamma.xcdatamodel */ = {isa = PBXFileReference; lastKnownFileType = wrapper.xcdatamodel; path = CoffeeAlum_Gamma.xcdatamodel; sourceTree = "<group>"; };
		DDBE22EF1E0EED7D00C0497E /* Assets.xcassets */ = {isa = PBXFileReference; lastKnownFileType = folder.assetcatalog; path = Assets.xcassets; sourceTree = "<group>"; };
		DDBE22F21E0EED7D00C0497E /* Base */ = {isa = PBXFileReference; lastKnownFileType = file.storyboard; name = Base; path = Base.lproj/LaunchScreen.storyboard; sourceTree = "<group>"; };
		DDBE22F41E0EED7D00C0497E /* Info.plist */ = {isa = PBXFileReference; lastKnownFileType = text.plist.xml; path = Info.plist; sourceTree = "<group>"; };
		DDBE22F91E0EED7E00C0497E /* CoffeeAlum GammaTests.xctest */ = {isa = PBXFileReference; explicitFileType = wrapper.cfbundle; includeInIndex = 0; path = "CoffeeAlum GammaTests.xctest"; sourceTree = BUILT_PRODUCTS_DIR; };
		DDBE22FD1E0EED7E00C0497E /* CoffeeAlum_GammaTests.swift */ = {isa = PBXFileReference; lastKnownFileType = sourcecode.swift; path = CoffeeAlum_GammaTests.swift; sourceTree = "<group>"; };
		DDBE22FF1E0EED7E00C0497E /* Info.plist */ = {isa = PBXFileReference; lastKnownFileType = text.plist.xml; path = Info.plist; sourceTree = "<group>"; };
		DDBE23081E0F107B00C0497E /* CustomGradientView.swift */ = {isa = PBXFileReference; fileEncoding = 4; lastKnownFileType = sourcecode.swift; path = CustomGradientView.swift; sourceTree = "<group>"; };
		DDBE230E1E0F546200C0497E /* CustomLabel.swift */ = {isa = PBXFileReference; fileEncoding = 4; lastKnownFileType = sourcecode.swift; path = CustomLabel.swift; sourceTree = "<group>"; };
		DDBE23101E0F5DB600C0497E /* CustomBezierView.swift */ = {isa = PBXFileReference; fileEncoding = 4; lastKnownFileType = sourcecode.swift; path = CustomBezierView.swift; sourceTree = "<group>"; };
		DDBE23121E0F67F100C0497E /* CustomBezierTextField.swift */ = {isa = PBXFileReference; fileEncoding = 4; lastKnownFileType = sourcecode.swift; path = CustomBezierTextField.swift; sourceTree = "<group>"; };
		DDBE23141E0F6B7600C0497E /* CustomButton.swift */ = {isa = PBXFileReference; fileEncoding = 4; lastKnownFileType = sourcecode.swift; path = CustomButton.swift; sourceTree = "<group>"; };
		DDBE23161E1059D100C0497E /* SignInViewController.swift */ = {isa = PBXFileReference; fileEncoding = 4; lastKnownFileType = sourcecode.swift; path = SignInViewController.swift; sourceTree = "<group>"; };
		DDBE26B71E11DF0800C0497E /* CoffeeMeetupsViewController.swift */ = {isa = PBXFileReference; fileEncoding = 4; lastKnownFileType = sourcecode.swift; path = CoffeeMeetupsViewController.swift; sourceTree = "<group>"; };
		DDBE26BA1E11F14D00C0497E /* GoogleService-Info.plist */ = {isa = PBXFileReference; fileEncoding = 4; lastKnownFileType = text.plist.xml; path = "GoogleService-Info.plist"; sourceTree = "<group>"; };
		DDDDBB541E2C98050084D5A5 /* InvitePopoverViewController.swift */ = {isa = PBXFileReference; fileEncoding = 4; lastKnownFileType = sourcecode.swift; path = InvitePopoverViewController.swift; sourceTree = "<group>"; };
		DDDDBB561E2D278B0084D5A5 /* SearchViewController + ProfilePopover.swift */ = {isa = PBXFileReference; fileEncoding = 4; lastKnownFileType = sourcecode.swift; path = "SearchViewController + ProfilePopover.swift"; sourceTree = "<group>"; };
		DDDDBB591E2D3AC70084D5A5 /* InvitationViewController.swift */ = {isa = PBXFileReference; fileEncoding = 4; lastKnownFileType = sourcecode.swift; path = InvitationViewController.swift; sourceTree = "<group>"; };
		DDDDBB5B1E2D52CD0084D5A5 /* ProfileGlimpseViewController + Popover.swift */ = {isa = PBXFileReference; fileEncoding = 4; lastKnownFileType = sourcecode.swift; path = "ProfileGlimpseViewController + Popover.swift"; sourceTree = "<group>"; };
		DDDDBB5E1E2D573B0084D5A5 /* CoffeeMeetupsViewController + Popover.swift */ = {isa = PBXFileReference; fileEncoding = 4; lastKnownFileType = sourcecode.swift; path = "CoffeeMeetupsViewController + Popover.swift"; sourceTree = "<group>"; };
		DDDDBB601E2D582C0084D5A5 /* CoffeeMeetupsViewController + CollectionView.swift */ = {isa = PBXFileReference; fileEncoding = 4; lastKnownFileType = sourcecode.swift; path = "CoffeeMeetupsViewController + CollectionView.swift"; sourceTree = "<group>"; };
		DDEC13241E198B94002C7CCF /* StickyCollectionViewFlowLayout.swift */ = {isa = PBXFileReference; fileEncoding = 4; lastKnownFileType = sourcecode.swift; path = StickyCollectionViewFlowLayout.swift; sourceTree = "<group>"; };
		DDEC13261E198E5B002C7CCF /* CoffeeMeetupCollectionViewCell.swift */ = {isa = PBXFileReference; fileEncoding = 4; lastKnownFileType = sourcecode.swift; path = CoffeeMeetupCollectionViewCell.swift; sourceTree = "<group>"; };
		DDEC13281E199AB6002C7CCF /* UIView + CornerRadius.swift */ = {isa = PBXFileReference; fileEncoding = 4; lastKnownFileType = sourcecode.swift; path = "UIView + CornerRadius.swift"; sourceTree = "<group>"; };
		DDEC132A1E19AF1B002C7CCF /* CoffeeAlum Gamma.entitlements */ = {isa = PBXFileReference; lastKnownFileType = text.plist.entitlements; path = "CoffeeAlum Gamma.entitlements"; sourceTree = "<group>"; };
		DDEC132E1E19E13C002C7CCF /* PersonalProfileViewController.swift */ = {isa = PBXFileReference; fileEncoding = 4; lastKnownFileType = sourcecode.swift; path = PersonalProfileViewController.swift; sourceTree = "<group>"; };
		DDEC13301E19FEC8002C7CCF /* UIView + Shadow.swift */ = {isa = PBXFileReference; fileEncoding = 4; lastKnownFileType = sourcecode.swift; path = "UIView + Shadow.swift"; sourceTree = "<group>"; };
/* End PBXFileReference section */

/* Begin PBXFrameworksBuildPhase section */
		DDBE22DF1E0EED7D00C0497E /* Frameworks */ = {
			isa = PBXFrameworksBuildPhase;
			buildActionMask = 2147483647;
			files = (
				2ABCFF63F50CD3CB1F326EEC /* Pods_CoffeeAlum_Gamma.framework in Frameworks */,
			);
			runOnlyForDeploymentPostprocessing = 0;
		};
		DDBE22F61E0EED7E00C0497E /* Frameworks */ = {
			isa = PBXFrameworksBuildPhase;
			buildActionMask = 2147483647;
			files = (
				854D9B54B95FE78467EEDE55 /* Pods_CoffeeAlum_GammaTests.framework in Frameworks */,
			);
			runOnlyForDeploymentPostprocessing = 0;
		};
/* End PBXFrameworksBuildPhase section */

/* Begin PBXGroup section */
		3EA2DE0CC87704BDEFE8BC00 /* Pods */ = {
			isa = PBXGroup;
			children = (
				67D9E1BB9AF380D07EF0F957 /* Pods-CoffeeAlum Gamma.debug.xcconfig */,
				79DC63532945DE1EF1E07948 /* Pods-CoffeeAlum Gamma.release.xcconfig */,
				6809F7CA622D05815B54528B /* Pods-CoffeeAlum GammaTests.debug.xcconfig */,
				1C4DA1C9C2D4067E16B5CBA0 /* Pods-CoffeeAlum GammaTests.release.xcconfig */,
			);
			name = Pods;
			sourceTree = "<group>";
		};
		8E31E8BCEFCF17D313185FBB /* Frameworks */ = {
			isa = PBXGroup;
			children = (
				18CE17F3A92A641C2D43E3FC /* Pods_CoffeeAlum_Gamma.framework */,
				3744DE10DE3C1E0FCA74F1BB /* Pods_CoffeeAlum_GammaTests.framework */,
			);
			name = Frameworks;
			sourceTree = "<group>";
		};
		DD039BDD1E1B81D80031F342 /* Playground */ = {
			isa = PBXGroup;
			children = (
			);
			name = Playground;
			sourceTree = "<group>";
		};
		DD12E0E51E245027006A2663 /* SearchViewController */ = {
			isa = PBXGroup;
			children = (
				DD43A80B1E17AD65005C31A7 /* SearchViewController.swift */,
				DD12E0ED1E2456C2006A2663 /* SearchViewController + CustomPopover.swift */,
				DD12E0DF1E244FED006A2663 /* SearchViewController + CollectionView.swift */,
				DD12E0EF1E245D37006A2663 /* SearchViewController + SearchBar.swift */,
				DDDDBB561E2D278B0084D5A5 /* SearchViewController + ProfilePopover.swift */,
			);
			name = SearchViewController;
			sourceTree = "<group>";
		};
		DD12E0E81E2454FE006A2663 /* Messages */ = {
			isa = PBXGroup;
			children = (
				DD12E0E91E245504006A2663 /* MessagesViewController.swift */,
			);
			name = Messages;
			sourceTree = "<group>";
		};
		DD12E0F11E2595B0006A2663 /* ProfileGlimpseViewController */ = {
			isa = PBXGroup;
			children = (
				DD12E0E61E245064006A2663 /* ProfileGlimpseViewController.swift */,
				DD12E0F21E2595D9006A2663 /* ProfileGlimpseViewController + TableView.swift */,
				DD12E0FE1E25B174006A2663 /* ProfileGlimpseViewController + CollectionView.swift */,
				DDDDBB5B1E2D52CD0084D5A5 /* ProfileGlimpseViewController + Popover.swift */,
			);
			name = ProfileGlimpseViewController;
			sourceTree = "<group>";
		};
		DD43A7CA1E15BC9E005C31A7 /* SWRevealViewController */ = {
			isa = PBXGroup;
			children = (
				DD43A7CF1E15BCFE005C31A7 /* SWRevealViewController.h */,
				DD43A7D01E15BCFE005C31A7 /* SWRevealViewController.m */,
				DD43A7CE1E15BCFD005C31A7 /* CoffeeAlum Gamma-Bridging-Header.h */,
			);
			path = SWRevealViewController;
			sourceTree = "<group>";
		};
		DD43A7D21E15EAA7005C31A7 /* Menu */ = {
			isa = PBXGroup;
			children = (
				DD43A7D51E16CE46005C31A7 /* SidebarMenuViewController.swift */,
			);
			name = Menu;
			sourceTree = "<group>";
		};
		DD43A8031E172268005C31A7 /* CustomViews */ = {
			isa = PBXGroup;
			children = (
				DDBE23081E0F107B00C0497E /* CustomGradientView.swift */,
				DDBE23101E0F5DB600C0497E /* CustomBezierView.swift */,
			);
			name = CustomViews;
			sourceTree = "<group>";
		};
		DD43A8041E172440005C31A7 /* Custom UIElements */ = {
			isa = PBXGroup;
			children = (
				DD43A8031E172268005C31A7 /* CustomViews */,
				DDBE230E1E0F546200C0497E /* CustomLabel.swift */,
				DDBE23121E0F67F100C0497E /* CustomBezierTextField.swift */,
				DDBE23141E0F6B7600C0497E /* CustomButton.swift */,
			);
			name = "Custom UIElements";
			sourceTree = "<group>";
		};
		DD43A8071E174063005C31A7 /* Extensions */ = {
			isa = PBXGroup;
			children = (
				DDEC13281E199AB6002C7CCF /* UIView + CornerRadius.swift */,
				DDEC13301E19FEC8002C7CCF /* UIView + Shadow.swift */,
				DD12E0E31E24501D006A2663 /* UIViewController + SidebarMenuPan.swift */,
			);
			name = Extensions;
			sourceTree = "<group>";
		};
		DD43A80A1E174499005C31A7 /* Keyboard Customization */ = {
			isa = PBXGroup;
			children = (
				DD43A7D71E16D3CB005C31A7 /* AdaptiveKeyboard.swift */,
			);
			name = "Keyboard Customization";
			sourceTree = "<group>";
		};
		DDBE22D91E0EED7D00C0497E = {
			isa = PBXGroup;
			children = (
				DDBE22E41E0EED7D00C0497E /* CoffeeAlum Gamma */,
				DD43A7CA1E15BC9E005C31A7 /* SWRevealViewController */,
				DDBE22FC1E0EED7E00C0497E /* CoffeeAlum GammaTests */,
				DDBE22E31E0EED7D00C0497E /* Products */,
				3EA2DE0CC87704BDEFE8BC00 /* Pods */,
				8E31E8BCEFCF17D313185FBB /* Frameworks */,
			);
			sourceTree = "<group>";
		};
		DDBE22E31E0EED7D00C0497E /* Products */ = {
			isa = PBXGroup;
			children = (
				DDBE22E21E0EED7D00C0497E /* CoffeeAlum Gamma.app */,
				DDBE22F91E0EED7E00C0497E /* CoffeeAlum GammaTests.xctest */,
			);
			name = Products;
			sourceTree = "<group>";
		};
		DDBE22E41E0EED7D00C0497E /* CoffeeAlum Gamma */ = {
			isa = PBXGroup;
			children = (
				DD039BDD1E1B81D80031F342 /* Playground */,
				DDEC132A1E19AF1B002C7CCF /* CoffeeAlum Gamma.entitlements */,
				DDBE230B1E0F26B600C0497E /* Controllers */,
				DDBE230D1E0F26CB00C0497E /* Views */,
				DDBE230C1E0F26C400C0497E /* Models */,
				DDEC13231E198B7D002C7CCF /* Layouts */,
				DD43A8071E174063005C31A7 /* Extensions */,
				DDBE230A1E0F10A100C0497E /* Custom */,
				DDBE22E51E0EED7D00C0497E /* AppDelegate.swift */,
				DDBE22EF1E0EED7D00C0497E /* Assets.xcassets */,
				DDBE22E91E0EED7D00C0497E /* Main.storyboard */,
				DDBE22F11E0EED7D00C0497E /* LaunchScreen.storyboard */,
				DDBE22F41E0EED7D00C0497E /* Info.plist */,
				DDBE26BA1E11F14D00C0497E /* GoogleService-Info.plist */,
				DDBE22EC1E0EED7D00C0497E /* CoffeeAlum_Gamma.xcdatamodeld */,
			);
			path = "CoffeeAlum Gamma";
			sourceTree = "<group>";
		};
		DDBE22FC1E0EED7E00C0497E /* CoffeeAlum GammaTests */ = {
			isa = PBXGroup;
			children = (
				DDBE22FD1E0EED7E00C0497E /* CoffeeAlum_GammaTests.swift */,
				DDBE22FF1E0EED7E00C0497E /* Info.plist */,
			);
			path = "CoffeeAlum GammaTests";
			sourceTree = "<group>";
		};
		DDBE230A1E0F10A100C0497E /* Custom */ = {
			isa = PBXGroup;
			children = (
				DD43A80A1E174499005C31A7 /* Keyboard Customization */,
				DD43A8041E172440005C31A7 /* Custom UIElements */,
			);
			name = Custom;
			sourceTree = "<group>";
		};
		DDBE230B1E0F26B600C0497E /* Controllers */ = {
			isa = PBXGroup;
			children = (
				DDDDBB5D1E2D571B0084D5A5 /* CoffeeMeetupsViewController */,
				DDDDBB581E2D3AAF0084D5A5 /* InvitationViewController */,
				DDDDBB531E2C97E80084D5A5 /* InvitePopoverViewController */,
				DD12E0E81E2454FE006A2663 /* Messages */,
				DDEC132D1E19E12F002C7CCF /* PersonalProfileViewController */,
				DD43A7D21E15EAA7005C31A7 /* Menu */,
				DDBE26B61E11DEE000C0497E /* Sign Up or Sign In */,
				DD12E0F11E2595B0006A2663 /* ProfileGlimpseViewController */,
				DD12E0E51E245027006A2663 /* SearchViewController */,
			);
			name = Controllers;
			sourceTree = "<group>";
		};
		DDBE230C1E0F26C400C0497E /* Models */ = {
			isa = PBXGroup;
			children = (
				DD12E0FC1E25A561006A2663 /* User.swift */,
				DD12E0FA1E25A55A006A2663 /* Coffee.swift */,
				DD43A80F1E1817AF005C31A7 /* BannerDataModel.swift */,
				BD471DFE1E2D7DAF002CB142 /* Helper.swift */,
			);
			name = Models;
			sourceTree = "<group>";
		};
		DDBE230D1E0F26CB00C0497E /* Views */ = {
			isa = PBXGroup;
			children = (
				DD43A80D1E181750005C31A7 /* SearchCollectionViewCell.swift */,
				DDEC13261E198E5B002C7CCF /* CoffeeMeetupCollectionViewCell.swift */,
				DD12E0EB1E245531006A2663 /* MessageCollectionViewCell.swift */,
				DD12E0F41E25963C006A2663 /* ProfileGlimpseCell.swift */,
				DD12E1001E25B316006A2663 /* TagCollectionViewCell.swift */,
			);
			name = Views;
			sourceTree = "<group>";
		};
		DDBE26B61E11DEE000C0497E /* Sign Up or Sign In */ = {
			isa = PBXGroup;
			children = (
				DDBE22E71E0EED7D00C0497E /* SignUpViewController.swift */,
				DDBE23161E1059D100C0497E /* SignInViewController.swift */,
			);
			name = "Sign Up or Sign In";
			sourceTree = "<group>";
		};
		DDDDBB531E2C97E80084D5A5 /* InvitePopoverViewController */ = {
			isa = PBXGroup;
			children = (
				DDDDBB541E2C98050084D5A5 /* InvitePopoverViewController.swift */,
			);
			name = InvitePopoverViewController;
			sourceTree = "<group>";
		};
		DDDDBB581E2D3AAF0084D5A5 /* InvitationViewController */ = {
			isa = PBXGroup;
			children = (
				DDDDBB591E2D3AC70084D5A5 /* InvitationViewController.swift */,
			);
			name = InvitationViewController;
			sourceTree = "<group>";
		};
		DDDDBB5D1E2D571B0084D5A5 /* CoffeeMeetupsViewController */ = {
			isa = PBXGroup;
			children = (
				DDBE26B71E11DF0800C0497E /* CoffeeMeetupsViewController.swift */,
				DDDDBB601E2D582C0084D5A5 /* CoffeeMeetupsViewController + CollectionView.swift */,
				DDDDBB5E1E2D573B0084D5A5 /* CoffeeMeetupsViewController + Popover.swift */,
			);
			name = CoffeeMeetupsViewController;
			sourceTree = "<group>";
		};
		DDEC13231E198B7D002C7CCF /* Layouts */ = {
			isa = PBXGroup;
			children = (
				DDEC13241E198B94002C7CCF /* StickyCollectionViewFlowLayout.swift */,
			);
			name = Layouts;
			sourceTree = "<group>";
		};
		DDEC132D1E19E12F002C7CCF /* PersonalProfileViewController */ = {
			isa = PBXGroup;
			children = (
				DDEC132E1E19E13C002C7CCF /* PersonalProfileViewController.swift */,
			);
			name = PersonalProfileViewController;
			sourceTree = "<group>";
		};
/* End PBXGroup section */

/* Begin PBXNativeTarget section */
		DDBE22E11E0EED7D00C0497E /* CoffeeAlum Gamma */ = {
			isa = PBXNativeTarget;
			buildConfigurationList = DDBE23021E0EED7E00C0497E /* Build configuration list for PBXNativeTarget "CoffeeAlum Gamma" */;
			buildPhases = (
				A61B21A0BBA55AE06E2167A4 /* [CP] Check Pods Manifest.lock */,
				DDBE22DE1E0EED7D00C0497E /* Sources */,
				DDBE22DF1E0EED7D00C0497E /* Frameworks */,
				DDBE22E01E0EED7D00C0497E /* Resources */,
				BB59F31030B4728DA1F0CC07 /* [CP] Embed Pods Frameworks */,
				1099A3643945C3BF6833A343 /* [CP] Copy Pods Resources */,
			);
			buildRules = (
			);
			dependencies = (
			);
			name = "CoffeeAlum Gamma";
			productName = "CoffeeAlum Gamma";
			productReference = DDBE22E21E0EED7D00C0497E /* CoffeeAlum Gamma.app */;
			productType = "com.apple.product-type.application";
		};
		DDBE22F81E0EED7E00C0497E /* CoffeeAlum GammaTests */ = {
			isa = PBXNativeTarget;
			buildConfigurationList = DDBE23051E0EED7E00C0497E /* Build configuration list for PBXNativeTarget "CoffeeAlum GammaTests" */;
			buildPhases = (
				27A68BDA7168A0B2DD741C43 /* [CP] Check Pods Manifest.lock */,
				DDBE22F51E0EED7E00C0497E /* Sources */,
				DDBE22F61E0EED7E00C0497E /* Frameworks */,
				DDBE22F71E0EED7E00C0497E /* Resources */,
				4FCC54801825BC91DA325381 /* [CP] Embed Pods Frameworks */,
				A5EF4A4017D1E1B61F92CA98 /* [CP] Copy Pods Resources */,
			);
			buildRules = (
			);
			dependencies = (
				DDBE22FB1E0EED7E00C0497E /* PBXTargetDependency */,
			);
			name = "CoffeeAlum GammaTests";
			productName = "CoffeeAlum GammaTests";
			productReference = DDBE22F91E0EED7E00C0497E /* CoffeeAlum GammaTests.xctest */;
			productType = "com.apple.product-type.bundle.unit-test";
		};
/* End PBXNativeTarget section */

/* Begin PBXProject section */
		DDBE22DA1E0EED7D00C0497E /* Project object */ = {
			isa = PBXProject;
			attributes = {
				LastSwiftUpdateCheck = 0820;
				LastUpgradeCheck = 0820;
				ORGANIZATIONNAME = "Trevin Wisaksana";
				TargetAttributes = {
					DDBE22E11E0EED7D00C0497E = {
						CreatedOnToolsVersion = 8.2;
						DevelopmentTeam = 9ME882KZTA;
						LastSwiftMigration = 0820;
						ProvisioningStyle = Automatic;
						SystemCapabilities = {
							com.apple.Keychain = {
								enabled = 1;
							};
						};
					};
					DDBE22F81E0EED7E00C0497E = {
						CreatedOnToolsVersion = 8.2;
						DevelopmentTeam = 9ME882KZTA;
						ProvisioningStyle = Automatic;
						TestTargetID = DDBE22E11E0EED7D00C0497E;
					};
				};
			};
			buildConfigurationList = DDBE22DD1E0EED7D00C0497E /* Build configuration list for PBXProject "CoffeeAlum Gamma" */;
			compatibilityVersion = "Xcode 3.2";
			developmentRegion = English;
			hasScannedForEncodings = 0;
			knownRegions = (
				en,
				Base,
				es,
			);
			mainGroup = DDBE22D91E0EED7D00C0497E;
			productRefGroup = DDBE22E31E0EED7D00C0497E /* Products */;
			projectDirPath = "";
			projectRoot = "";
			targets = (
				DDBE22E11E0EED7D00C0497E /* CoffeeAlum Gamma */,
				DDBE22F81E0EED7E00C0497E /* CoffeeAlum GammaTests */,
			);
		};
/* End PBXProject section */

/* Begin PBXResourcesBuildPhase section */
		DDBE22E01E0EED7D00C0497E /* Resources */ = {
			isa = PBXResourcesBuildPhase;
			buildActionMask = 2147483647;
			files = (
				DDBE22F31E0EED7D00C0497E /* LaunchScreen.storyboard in Resources */,
				DDBE26BB1E11F14D00C0497E /* GoogleService-Info.plist in Resources */,
				DDBE22F01E0EED7D00C0497E /* Assets.xcassets in Resources */,
				DDBE22EB1E0EED7D00C0497E /* Main.storyboard in Resources */,
			);
			runOnlyForDeploymentPostprocessing = 0;
		};
		DDBE22F71E0EED7E00C0497E /* Resources */ = {
			isa = PBXResourcesBuildPhase;
			buildActionMask = 2147483647;
			files = (
			);
			runOnlyForDeploymentPostprocessing = 0;
		};
/* End PBXResourcesBuildPhase section */

/* Begin PBXShellScriptBuildPhase section */
		1099A3643945C3BF6833A343 /* [CP] Copy Pods Resources */ = {
			isa = PBXShellScriptBuildPhase;
			buildActionMask = 2147483647;
			files = (
			);
			inputPaths = (
			);
			name = "[CP] Copy Pods Resources";
			outputPaths = (
			);
			runOnlyForDeploymentPostprocessing = 0;
			shellPath = /bin/sh;
			shellScript = "\"${SRCROOT}/Pods/Target Support Files/Pods-CoffeeAlum Gamma/Pods-CoffeeAlum Gamma-resources.sh\"\n";
			showEnvVarsInLog = 0;
		};
		27A68BDA7168A0B2DD741C43 /* [CP] Check Pods Manifest.lock */ = {
			isa = PBXShellScriptBuildPhase;
			buildActionMask = 2147483647;
			files = (
			);
			inputPaths = (
			);
			name = "[CP] Check Pods Manifest.lock";
			outputPaths = (
			);
			runOnlyForDeploymentPostprocessing = 0;
			shellPath = /bin/sh;
			shellScript = "diff \"${PODS_ROOT}/../Podfile.lock\" \"${PODS_ROOT}/Manifest.lock\" > /dev/null\nif [ $? != 0 ] ; then\n    # print error to STDERR\n    echo \"error: The sandbox is not in sync with the Podfile.lock. Run 'pod install' or update your CocoaPods installation.\" >&2\n    exit 1\nfi\n";
			showEnvVarsInLog = 0;
		};
		4FCC54801825BC91DA325381 /* [CP] Embed Pods Frameworks */ = {
			isa = PBXShellScriptBuildPhase;
			buildActionMask = 2147483647;
			files = (
			);
			inputPaths = (
			);
			name = "[CP] Embed Pods Frameworks";
			outputPaths = (
			);
			runOnlyForDeploymentPostprocessing = 0;
			shellPath = /bin/sh;
			shellScript = "\"${SRCROOT}/Pods/Target Support Files/Pods-CoffeeAlum GammaTests/Pods-CoffeeAlum GammaTests-frameworks.sh\"\n";
			showEnvVarsInLog = 0;
		};
		A5EF4A4017D1E1B61F92CA98 /* [CP] Copy Pods Resources */ = {
			isa = PBXShellScriptBuildPhase;
			buildActionMask = 2147483647;
			files = (
			);
			inputPaths = (
			);
			name = "[CP] Copy Pods Resources";
			outputPaths = (
			);
			runOnlyForDeploymentPostprocessing = 0;
			shellPath = /bin/sh;
			shellScript = "\"${SRCROOT}/Pods/Target Support Files/Pods-CoffeeAlum GammaTests/Pods-CoffeeAlum GammaTests-resources.sh\"\n";
			showEnvVarsInLog = 0;
		};
		A61B21A0BBA55AE06E2167A4 /* [CP] Check Pods Manifest.lock */ = {
			isa = PBXShellScriptBuildPhase;
			buildActionMask = 2147483647;
			files = (
			);
			inputPaths = (
			);
			name = "[CP] Check Pods Manifest.lock";
			outputPaths = (
			);
			runOnlyForDeploymentPostprocessing = 0;
			shellPath = /bin/sh;
			shellScript = "diff \"${PODS_ROOT}/../Podfile.lock\" \"${PODS_ROOT}/Manifest.lock\" > /dev/null\nif [ $? != 0 ] ; then\n    # print error to STDERR\n    echo \"error: The sandbox is not in sync with the Podfile.lock. Run 'pod install' or update your CocoaPods installation.\" >&2\n    exit 1\nfi\n";
			showEnvVarsInLog = 0;
		};
		BB59F31030B4728DA1F0CC07 /* [CP] Embed Pods Frameworks */ = {
			isa = PBXShellScriptBuildPhase;
			buildActionMask = 2147483647;
			files = (
			);
			inputPaths = (
			);
			name = "[CP] Embed Pods Frameworks";
			outputPaths = (
			);
			runOnlyForDeploymentPostprocessing = 0;
			shellPath = /bin/sh;
			shellScript = "\"${SRCROOT}/Pods/Target Support Files/Pods-CoffeeAlum Gamma/Pods-CoffeeAlum Gamma-frameworks.sh\"\n";
			showEnvVarsInLog = 0;
		};
/* End PBXShellScriptBuildPhase section */

/* Begin PBXSourcesBuildPhase section */
		DDBE22DE1E0EED7D00C0497E /* Sources */ = {
			isa = PBXSourcesBuildPhase;
			buildActionMask = 2147483647;
			files = (
				DDDDBB571E2D278B0084D5A5 /* SearchViewController + ProfilePopover.swift in Sources */,
				DD43A7D61E16CE46005C31A7 /* SidebarMenuViewController.swift in Sources */,
				DDEC13311E19FEC8002C7CCF /* UIView + Shadow.swift in Sources */,
				DDDDBB5C1E2D52CD0084D5A5 /* ProfileGlimpseViewController + Popover.swift in Sources */,
				DD43A7D11E15BCFE005C31A7 /* SWRevealViewController.m in Sources */,
				DDBE22E81E0EED7D00C0497E /* SignUpViewController.swift in Sources */,
				DDEC132F1E19E13C002C7CCF /* PersonalProfileViewController.swift in Sources */,
				DD12E0EE1E2456C2006A2663 /* SearchViewController + CustomPopover.swift in Sources */,
				DDBE23111E0F5DB600C0497E /* CustomBezierView.swift in Sources */,
				DDBE230F1E0F546200C0497E /* CustomLabel.swift in Sources */,
				DDBE22EE1E0EED7D00C0497E /* CoffeeAlum_Gamma.xcdatamodeld in Sources */,
				DDBE23151E0F6B7600C0497E /* CustomButton.swift in Sources */,
				DDBE23171E1059D100C0497E /* SignInViewController.swift in Sources */,
				DD12E0FF1E25B174006A2663 /* ProfileGlimpseViewController + CollectionView.swift in Sources */,
				DD12E0FD1E25A561006A2663 /* User.swift in Sources */,
				DD12E0F51E25963C006A2663 /* ProfileGlimpseCell.swift in Sources */,
				DD12E0E11E244FED006A2663 /* SearchViewController + CollectionView.swift in Sources */,
				DDEC13251E198B94002C7CCF /* StickyCollectionViewFlowLayout.swift in Sources */,
				DD12E0EC1E245531006A2663 /* MessageCollectionViewCell.swift in Sources */,
				DDDDBB5A1E2D3AC70084D5A5 /* InvitationViewController.swift in Sources */,
				DD12E0E41E24501D006A2663 /* UIViewController + SidebarMenuPan.swift in Sources */,
				DDEC13291E199AB6002C7CCF /* UIView + CornerRadius.swift in Sources */,
				DD12E0F01E245D37006A2663 /* SearchViewController + SearchBar.swift in Sources */,
				DD43A80C1E17AD65005C31A7 /* SearchViewController.swift in Sources */,
				DDDDBB611E2D582C0084D5A5 /* CoffeeMeetupsViewController + CollectionView.swift in Sources */,
				DD12E0EA1E245504006A2663 /* MessagesViewController.swift in Sources */,
				DDDDBB551E2C98050084D5A5 /* InvitePopoverViewController.swift in Sources */,
				DD43A8101E1817AF005C31A7 /* BannerDataModel.swift in Sources */,
				BD471DFF1E2D7DAF002CB142 /* Helper.swift in Sources */,
				DDEC13271E198E5B002C7CCF /* CoffeeMeetupCollectionViewCell.swift in Sources */,
				DD12E1011E25B316006A2663 /* TagCollectionViewCell.swift in Sources */,
				DD12E0F31E2595D9006A2663 /* ProfileGlimpseViewController + TableView.swift in Sources */,
				DD43A80E1E181750005C31A7 /* SearchCollectionViewCell.swift in Sources */,
				DDDDBB5F1E2D573B0084D5A5 /* CoffeeMeetupsViewController + Popover.swift in Sources */,
				DDBE23091E0F107B00C0497E /* CustomGradientView.swift in Sources */,
				DDBE22E61E0EED7D00C0497E /* AppDelegate.swift in Sources */,
				DD12E0FB1E25A55A006A2663 /* Coffee.swift in Sources */,
				DDBE23131E0F67F100C0497E /* CustomBezierTextField.swift in Sources */,
				DDBE26B81E11DF0800C0497E /* CoffeeMeetupsViewController.swift in Sources */,
				DD12E0E71E245064006A2663 /* ProfileGlimpseViewController.swift in Sources */,
				DD43A7D81E16D3CB005C31A7 /* AdaptiveKeyboard.swift in Sources */,
			);
			runOnlyForDeploymentPostprocessing = 0;
		};
		DDBE22F51E0EED7E00C0497E /* Sources */ = {
			isa = PBXSourcesBuildPhase;
			buildActionMask = 2147483647;
			files = (
				DDBE22FE1E0EED7E00C0497E /* CoffeeAlum_GammaTests.swift in Sources */,
			);
			runOnlyForDeploymentPostprocessing = 0;
		};
/* End PBXSourcesBuildPhase section */

/* Begin PBXTargetDependency section */
		DDBE22FB1E0EED7E00C0497E /* PBXTargetDependency */ = {
			isa = PBXTargetDependency;
			target = DDBE22E11E0EED7D00C0497E /* CoffeeAlum Gamma */;
			targetProxy = DDBE22FA1E0EED7E00C0497E /* PBXContainerItemProxy */;
		};
/* End PBXTargetDependency section */

/* Begin PBXVariantGroup section */
		DDBE22E91E0EED7D00C0497E /* Main.storyboard */ = {
			isa = PBXVariantGroup;
			children = (
				DDBE22EA1E0EED7D00C0497E /* Base */,
			);
			name = Main.storyboard;
			sourceTree = "<group>";
		};
		DDBE22F11E0EED7D00C0497E /* LaunchScreen.storyboard */ = {
			isa = PBXVariantGroup;
			children = (
				DDBE22F21E0EED7D00C0497E /* Base */,
			);
			name = LaunchScreen.storyboard;
			sourceTree = "<group>";
		};
/* End PBXVariantGroup section */

/* Begin XCBuildConfiguration section */
		DDBE23001E0EED7E00C0497E /* Debug */ = {
			isa = XCBuildConfiguration;
			buildSettings = {
				ALWAYS_SEARCH_USER_PATHS = NO;
				CLANG_ANALYZER_LOCALIZABILITY_NONLOCALIZED = YES;
				CLANG_ANALYZER_NONNULL = YES;
				CLANG_CXX_LANGUAGE_STANDARD = "gnu++0x";
				CLANG_CXX_LIBRARY = "libc++";
				CLANG_ENABLE_MODULES = YES;
				CLANG_ENABLE_OBJC_ARC = YES;
				CLANG_WARN_BOOL_CONVERSION = YES;
				CLANG_WARN_CONSTANT_CONVERSION = YES;
				CLANG_WARN_DIRECT_OBJC_ISA_USAGE = YES_ERROR;
				CLANG_WARN_DOCUMENTATION_COMMENTS = YES;
				CLANG_WARN_EMPTY_BODY = YES;
				CLANG_WARN_ENUM_CONVERSION = YES;
				CLANG_WARN_INFINITE_RECURSION = YES;
				CLANG_WARN_INT_CONVERSION = YES;
				CLANG_WARN_OBJC_ROOT_CLASS = YES_ERROR;
				CLANG_WARN_SUSPICIOUS_MOVE = YES;
				CLANG_WARN_UNREACHABLE_CODE = YES;
				CLANG_WARN__DUPLICATE_METHOD_MATCH = YES;
				"CODE_SIGN_IDENTITY[sdk=iphoneos*]" = "iPhone Developer";
				COPY_PHASE_STRIP = NO;
				DEBUG_INFORMATION_FORMAT = dwarf;
				ENABLE_STRICT_OBJC_MSGSEND = YES;
				ENABLE_TESTABILITY = YES;
				GCC_C_LANGUAGE_STANDARD = gnu99;
				GCC_DYNAMIC_NO_PIC = NO;
				GCC_NO_COMMON_BLOCKS = YES;
				GCC_OPTIMIZATION_LEVEL = 0;
				GCC_PREPROCESSOR_DEFINITIONS = (
					"DEBUG=1",
					"$(inherited)",
				);
				GCC_WARN_64_TO_32_BIT_CONVERSION = YES;
				GCC_WARN_ABOUT_RETURN_TYPE = YES_ERROR;
				GCC_WARN_UNDECLARED_SELECTOR = YES;
				GCC_WARN_UNINITIALIZED_AUTOS = YES_AGGRESSIVE;
				GCC_WARN_UNUSED_FUNCTION = YES;
				GCC_WARN_UNUSED_VARIABLE = YES;
				IPHONEOS_DEPLOYMENT_TARGET = 10.2;
				MTL_ENABLE_DEBUG_INFO = YES;
				ONLY_ACTIVE_ARCH = YES;
				SDKROOT = iphoneos;
				SWIFT_ACTIVE_COMPILATION_CONDITIONS = DEBUG;
				SWIFT_OPTIMIZATION_LEVEL = "-Onone";
			};
			name = Debug;
		};
		DDBE23011E0EED7E00C0497E /* Release */ = {
			isa = XCBuildConfiguration;
			buildSettings = {
				ALWAYS_SEARCH_USER_PATHS = NO;
				CLANG_ANALYZER_LOCALIZABILITY_NONLOCALIZED = YES;
				CLANG_ANALYZER_NONNULL = YES;
				CLANG_CXX_LANGUAGE_STANDARD = "gnu++0x";
				CLANG_CXX_LIBRARY = "libc++";
				CLANG_ENABLE_MODULES = YES;
				CLANG_ENABLE_OBJC_ARC = YES;
				CLANG_WARN_BOOL_CONVERSION = YES;
				CLANG_WARN_CONSTANT_CONVERSION = YES;
				CLANG_WARN_DIRECT_OBJC_ISA_USAGE = YES_ERROR;
				CLANG_WARN_DOCUMENTATION_COMMENTS = YES;
				CLANG_WARN_EMPTY_BODY = YES;
				CLANG_WARN_ENUM_CONVERSION = YES;
				CLANG_WARN_INFINITE_RECURSION = YES;
				CLANG_WARN_INT_CONVERSION = YES;
				CLANG_WARN_OBJC_ROOT_CLASS = YES_ERROR;
				CLANG_WARN_SUSPICIOUS_MOVE = YES;
				CLANG_WARN_UNREACHABLE_CODE = YES;
				CLANG_WARN__DUPLICATE_METHOD_MATCH = YES;
				"CODE_SIGN_IDENTITY[sdk=iphoneos*]" = "iPhone Developer";
				COPY_PHASE_STRIP = NO;
				DEBUG_INFORMATION_FORMAT = "dwarf-with-dsym";
				ENABLE_NS_ASSERTIONS = NO;
				ENABLE_STRICT_OBJC_MSGSEND = YES;
				GCC_C_LANGUAGE_STANDARD = gnu99;
				GCC_NO_COMMON_BLOCKS = YES;
				GCC_WARN_64_TO_32_BIT_CONVERSION = YES;
				GCC_WARN_ABOUT_RETURN_TYPE = YES_ERROR;
				GCC_WARN_UNDECLARED_SELECTOR = YES;
				GCC_WARN_UNINITIALIZED_AUTOS = YES_AGGRESSIVE;
				GCC_WARN_UNUSED_FUNCTION = YES;
				GCC_WARN_UNUSED_VARIABLE = YES;
				IPHONEOS_DEPLOYMENT_TARGET = 10.2;
				MTL_ENABLE_DEBUG_INFO = NO;
				SDKROOT = iphoneos;
				SWIFT_OPTIMIZATION_LEVEL = "-Owholemodule";
				VALIDATE_PRODUCT = YES;
			};
			name = Release;
		};
		DDBE23031E0EED7E00C0497E /* Debug */ = {
			isa = XCBuildConfiguration;
			baseConfigurationReference = 67D9E1BB9AF380D07EF0F957 /* Pods-CoffeeAlum Gamma.debug.xcconfig */;
			buildSettings = {
				ASSETCATALOG_COMPILER_APPICON_NAME = AppIcon;
				CLANG_ENABLE_MODULES = YES;
				CODE_SIGN_ENTITLEMENTS = "CoffeeAlum Gamma/CoffeeAlum Gamma.entitlements";
				DEVELOPMENT_TEAM = 9ME882KZTA;
				INFOPLIST_FILE = "CoffeeAlum Gamma/Info.plist";
				IPHONEOS_DEPLOYMENT_TARGET = 10.2;
				LD_RUNPATH_SEARCH_PATHS = "$(inherited) @executable_path/Frameworks";
				PRODUCT_BUNDLE_IDENTIFIER = com.trevinwisaksana.CoffeeAlum;
				PRODUCT_NAME = "$(TARGET_NAME)";
				SWIFT_OBJC_BRIDGING_HEADER = "SWRevealViewController/CoffeeAlum Gamma-Bridging-Header.h";
				SWIFT_OPTIMIZATION_LEVEL = "-Onone";
				SWIFT_VERSION = 3.0;
			};
			name = Debug;
		};
		DDBE23041E0EED7E00C0497E /* Release */ = {
			isa = XCBuildConfiguration;
			baseConfigurationReference = 79DC63532945DE1EF1E07948 /* Pods-CoffeeAlum Gamma.release.xcconfig */;
			buildSettings = {
				ASSETCATALOG_COMPILER_APPICON_NAME = AppIcon;
				CLANG_ENABLE_MODULES = YES;
				CODE_SIGN_ENTITLEMENTS = "CoffeeAlum Gamma/CoffeeAlum Gamma.entitlements";
				DEVELOPMENT_TEAM = 9ME882KZTA;
				INFOPLIST_FILE = "CoffeeAlum Gamma/Info.plist";
				IPHONEOS_DEPLOYMENT_TARGET = 10.2;
				LD_RUNPATH_SEARCH_PATHS = "$(inherited) @executable_path/Frameworks";
				PRODUCT_BUNDLE_IDENTIFIER = com.trevinwisaksana.CoffeeAlum;
				PRODUCT_NAME = "$(TARGET_NAME)";
				SWIFT_OBJC_BRIDGING_HEADER = "SWRevealViewController/CoffeeAlum Gamma-Bridging-Header.h";
				SWIFT_VERSION = 3.0;
			};
			name = Release;
		};
		DDBE23061E0EED7E00C0497E /* Debug */ = {
			isa = XCBuildConfiguration;
			baseConfigurationReference = 6809F7CA622D05815B54528B /* Pods-CoffeeAlum GammaTests.debug.xcconfig */;
			buildSettings = {
				ALWAYS_EMBED_SWIFT_STANDARD_LIBRARIES = YES;
				BUNDLE_LOADER = "$(TEST_HOST)";
				DEVELOPMENT_TEAM = 9ME882KZTA;
				INFOPLIST_FILE = "CoffeeAlum GammaTests/Info.plist";
				LD_RUNPATH_SEARCH_PATHS = "$(inherited) @executable_path/Frameworks @loader_path/Frameworks";
				PRODUCT_BUNDLE_IDENTIFIER = "com.trevinwisaksana.CoffeeAlum-GammaTests";
				PRODUCT_NAME = "$(TARGET_NAME)";
				SWIFT_VERSION = 3.0;
				TEST_HOST = "$(BUILT_PRODUCTS_DIR)/CoffeeAlum Gamma.app/CoffeeAlum Gamma";
			};
			name = Debug;
		};
		DDBE23071E0EED7E00C0497E /* Release */ = {
			isa = XCBuildConfiguration;
			baseConfigurationReference = 1C4DA1C9C2D4067E16B5CBA0 /* Pods-CoffeeAlum GammaTests.release.xcconfig */;
			buildSettings = {
				ALWAYS_EMBED_SWIFT_STANDARD_LIBRARIES = YES;
				BUNDLE_LOADER = "$(TEST_HOST)";
				DEVELOPMENT_TEAM = 9ME882KZTA;
				INFOPLIST_FILE = "CoffeeAlum GammaTests/Info.plist";
				LD_RUNPATH_SEARCH_PATHS = "$(inherited) @executable_path/Frameworks @loader_path/Frameworks";
				PRODUCT_BUNDLE_IDENTIFIER = "com.trevinwisaksana.CoffeeAlum-GammaTests";
				PRODUCT_NAME = "$(TARGET_NAME)";
				SWIFT_VERSION = 3.0;
				TEST_HOST = "$(BUILT_PRODUCTS_DIR)/CoffeeAlum Gamma.app/CoffeeAlum Gamma";
			};
			name = Release;
		};
/* End XCBuildConfiguration section */

/* Begin XCConfigurationList section */
		DDBE22DD1E0EED7D00C0497E /* Build configuration list for PBXProject "CoffeeAlum Gamma" */ = {
			isa = XCConfigurationList;
			buildConfigurations = (
				DDBE23001E0EED7E00C0497E /* Debug */,
				DDBE23011E0EED7E00C0497E /* Release */,
			);
			defaultConfigurationIsVisible = 0;
			defaultConfigurationName = Release;
		};
		DDBE23021E0EED7E00C0497E /* Build configuration list for PBXNativeTarget "CoffeeAlum Gamma" */ = {
			isa = XCConfigurationList;
			buildConfigurations = (
				DDBE23031E0EED7E00C0497E /* Debug */,
				DDBE23041E0EED7E00C0497E /* Release */,
			);
			defaultConfigurationIsVisible = 0;
			defaultConfigurationName = Release;
		};
		DDBE23051E0EED7E00C0497E /* Build configuration list for PBXNativeTarget "CoffeeAlum GammaTests" */ = {
			isa = XCConfigurationList;
			buildConfigurations = (
				DDBE23061E0EED7E00C0497E /* Debug */,
				DDBE23071E0EED7E00C0497E /* Release */,
			);
			defaultConfigurationIsVisible = 0;
			defaultConfigurationName = Release;
		};
/* End XCConfigurationList section */

/* Begin XCVersionGroup section */
		DDBE22EC1E0EED7D00C0497E /* CoffeeAlum_Gamma.xcdatamodeld */ = {
			isa = XCVersionGroup;
			children = (
				DDBE22ED1E0EED7D00C0497E /* CoffeeAlum_Gamma.xcdatamodel */,
			);
			currentVersion = DDBE22ED1E0EED7D00C0497E /* CoffeeAlum_Gamma.xcdatamodel */;
			path = CoffeeAlum_Gamma.xcdatamodeld;
			sourceTree = "<group>";
			versionGroupType = wrapper.xcdatamodel;
		};
/* End XCVersionGroup section */
	};
	rootObject = DDBE22DA1E0EED7D00C0497E /* Project object */;
}
